// !$*UTF8*$!
{
	archiveVersion = 1;
	classes = {
	};
	objectVersion = 50;
	objects = {

/* Begin PBXBuildFile section */
		0E4CE1A13FC27D93FBB6F898 /* Pods_ReactComponentKit.framework in Frameworks */ = {isa = PBXBuildFile; fileRef = F2CBD8DD3C963608C676FE5D /* Pods_ReactComponentKit.framework */; };
		4EDF632121025FB00094DB29 /* AppDelegate.swift in Sources */ = {isa = PBXBuildFile; fileRef = 4EDF632021025FB00094DB29 /* AppDelegate.swift */; };
		4EDF632321025FB00094DB29 /* ViewController.swift in Sources */ = {isa = PBXBuildFile; fileRef = 4EDF632221025FB00094DB29 /* ViewController.swift */; };
		4EDF632621025FB00094DB29 /* Main.storyboard in Resources */ = {isa = PBXBuildFile; fileRef = 4EDF632421025FB00094DB29 /* Main.storyboard */; };
		4EDF632821025FB10094DB29 /* Assets.xcassets in Resources */ = {isa = PBXBuildFile; fileRef = 4EDF632721025FB10094DB29 /* Assets.xcassets */; };
		4EDF632B21025FB10094DB29 /* LaunchScreen.storyboard in Resources */ = {isa = PBXBuildFile; fileRef = 4EDF632921025FB10094DB29 /* LaunchScreen.storyboard */; };
		4EDF6334210262C10094DB29 /* Component.swift in Sources */ = {isa = PBXBuildFile; fileRef = 4EDF6333210262C10094DB29 /* Component.swift */; };
		4EDF63382102642C0094DB29 /* StateType.swift in Sources */ = {isa = PBXBuildFile; fileRef = 4EDF63372102642C0094DB29 /* StateType.swift */; };
		4EE221BB2102F6F6001D47B8 /* ColorBox.swift in Sources */ = {isa = PBXBuildFile; fileRef = 4EE221BA2102F6F6001D47B8 /* ColorBox.swift */; };
		4EE221BD2102F88E001D47B8 /* ActionButton.swift in Sources */ = {isa = PBXBuildFile; fileRef = 4EE221BC2102F88E001D47B8 /* ActionButton.swift */; };
		4EE221BF2102FB3B001D47B8 /* Store.swift in Sources */ = {isa = PBXBuildFile; fileRef = 4EE221BE2102FB3B001D47B8 /* Store.swift */; };
		4EE221C12102FB9E001D47B8 /* ActionType.swift in Sources */ = {isa = PBXBuildFile; fileRef = 4EE221C02102FB9E001D47B8 /* ActionType.swift */; };
		4EE221C321037486001D47B8 /* ViewModel.swift in Sources */ = {isa = PBXBuildFile; fileRef = 4EE221C221037486001D47B8 /* ViewModel.swift */; };
/* End PBXBuildFile section */

/* Begin PBXFileReference section */
		2EE352A9FBBBA8055DB6918F /* Pods-ReactComponentKit.release.xcconfig */ = {isa = PBXFileReference; includeInIndex = 1; lastKnownFileType = text.xcconfig; name = "Pods-ReactComponentKit.release.xcconfig"; path = "Pods/Target Support Files/Pods-ReactComponentKit/Pods-ReactComponentKit.release.xcconfig"; sourceTree = "<group>"; };
		4EDF631D21025FB00094DB29 /* ReactComponentKit.app */ = {isa = PBXFileReference; explicitFileType = wrapper.application; includeInIndex = 0; path = ReactComponentKit.app; sourceTree = BUILT_PRODUCTS_DIR; };
		4EDF632021025FB00094DB29 /* AppDelegate.swift */ = {isa = PBXFileReference; lastKnownFileType = sourcecode.swift; path = AppDelegate.swift; sourceTree = "<group>"; };
		4EDF632221025FB00094DB29 /* ViewController.swift */ = {isa = PBXFileReference; lastKnownFileType = sourcecode.swift; path = ViewController.swift; sourceTree = "<group>"; };
		4EDF632521025FB00094DB29 /* Base */ = {isa = PBXFileReference; lastKnownFileType = file.storyboard; name = Base; path = Base.lproj/Main.storyboard; sourceTree = "<group>"; };
		4EDF632721025FB10094DB29 /* Assets.xcassets */ = {isa = PBXFileReference; lastKnownFileType = folder.assetcatalog; path = Assets.xcassets; sourceTree = "<group>"; };
		4EDF632A21025FB10094DB29 /* Base */ = {isa = PBXFileReference; lastKnownFileType = file.storyboard; name = Base; path = Base.lproj/LaunchScreen.storyboard; sourceTree = "<group>"; };
		4EDF632C21025FB10094DB29 /* Info.plist */ = {isa = PBXFileReference; lastKnownFileType = text.plist.xml; path = Info.plist; sourceTree = "<group>"; };
		4EDF6333210262C10094DB29 /* Component.swift */ = {isa = PBXFileReference; lastKnownFileType = sourcecode.swift; path = Component.swift; sourceTree = "<group>"; };
		4EDF63372102642C0094DB29 /* StateType.swift */ = {isa = PBXFileReference; lastKnownFileType = sourcecode.swift; path = StateType.swift; sourceTree = "<group>"; };
		4EE221BA2102F6F6001D47B8 /* ColorBox.swift */ = {isa = PBXFileReference; lastKnownFileType = sourcecode.swift; path = ColorBox.swift; sourceTree = "<group>"; };
		4EE221BC2102F88E001D47B8 /* ActionButton.swift */ = {isa = PBXFileReference; lastKnownFileType = sourcecode.swift; path = ActionButton.swift; sourceTree = "<group>"; };
		4EE221BE2102FB3B001D47B8 /* Store.swift */ = {isa = PBXFileReference; lastKnownFileType = sourcecode.swift; path = Store.swift; sourceTree = "<group>"; };
		4EE221C02102FB9E001D47B8 /* ActionType.swift */ = {isa = PBXFileReference; lastKnownFileType = sourcecode.swift; path = ActionType.swift; sourceTree = "<group>"; };
		4EE221C221037486001D47B8 /* ViewModel.swift */ = {isa = PBXFileReference; lastKnownFileType = sourcecode.swift; path = ViewModel.swift; sourceTree = "<group>"; };
		72AB33DF73CD1DFEF7C670BE /* Pods-ReactComponentKit.debug.xcconfig */ = {isa = PBXFileReference; includeInIndex = 1; lastKnownFileType = text.xcconfig; name = "Pods-ReactComponentKit.debug.xcconfig"; path = "Pods/Target Support Files/Pods-ReactComponentKit/Pods-ReactComponentKit.debug.xcconfig"; sourceTree = "<group>"; };
		F2CBD8DD3C963608C676FE5D /* Pods_ReactComponentKit.framework */ = {isa = PBXFileReference; explicitFileType = wrapper.framework; includeInIndex = 0; path = Pods_ReactComponentKit.framework; sourceTree = BUILT_PRODUCTS_DIR; };
/* End PBXFileReference section */

/* Begin PBXFrameworksBuildPhase section */
		4EDF631A21025FB00094DB29 /* Frameworks */ = {
			isa = PBXFrameworksBuildPhase;
			buildActionMask = 2147483647;
			files = (
				0E4CE1A13FC27D93FBB6F898 /* Pods_ReactComponentKit.framework in Frameworks */,
			);
			runOnlyForDeploymentPostprocessing = 0;
		};
/* End PBXFrameworksBuildPhase section */

/* Begin PBXGroup section */
		3E951651AB7D55B7CA322546 /* Frameworks */ = {
			isa = PBXGroup;
			children = (
				F2CBD8DD3C963608C676FE5D /* Pods_ReactComponentKit.framework */,
			);
			name = Frameworks;
			sourceTree = "<group>";
		};
		4EDF631421025FB00094DB29 = {
			isa = PBXGroup;
			children = (
				4EDF63322102629D0094DB29 /* ReactComponentKit */,
				4EDF631F21025FB00094DB29 /* ReactComponentKitApp */,
				4EDF631E21025FB00094DB29 /* Products */,
				69DC80E8A81D350A70F3932A /* Pods */,
				3E951651AB7D55B7CA322546 /* Frameworks */,
			);
			sourceTree = "<group>";
		};
		4EDF631E21025FB00094DB29 /* Products */ = {
			isa = PBXGroup;
			children = (
				4EDF631D21025FB00094DB29 /* ReactComponentKit.app */,
			);
			name = Products;
			sourceTree = "<group>";
		};
		4EDF631F21025FB00094DB29 /* ReactComponentKitApp */ = {
			isa = PBXGroup;
			children = (
				4EE221B92102F3B3001D47B8 /* Component */,
				4EDF632021025FB00094DB29 /* AppDelegate.swift */,
				4EDF632221025FB00094DB29 /* ViewController.swift */,
				4EE221C221037486001D47B8 /* ViewModel.swift */,
				4EDF632421025FB00094DB29 /* Main.storyboard */,
				4EDF632721025FB10094DB29 /* Assets.xcassets */,
				4EDF632921025FB10094DB29 /* LaunchScreen.storyboard */,
				4EDF632C21025FB10094DB29 /* Info.plist */,
			);
			path = ReactComponentKitApp;
			sourceTree = "<group>";
		};
		4EDF63322102629D0094DB29 /* ReactComponentKit */ = {
			isa = PBXGroup;
			children = (
				4EDF6333210262C10094DB29 /* Component.swift */,
				4EDF63372102642C0094DB29 /* StateType.swift */,
				4EE221BE2102FB3B001D47B8 /* Store.swift */,
				4EE221C02102FB9E001D47B8 /* ActionType.swift */,
			);
			path = ReactComponentKit;
			sourceTree = "<group>";
		};
		4EE221B92102F3B3001D47B8 /* Component */ = {
			isa = PBXGroup;
			children = (
				4EE221BA2102F6F6001D47B8 /* ColorBox.swift */,
				4EE221BC2102F88E001D47B8 /* ActionButton.swift */,
			);
			path = Component;
			sourceTree = "<group>";
		};
		69DC80E8A81D350A70F3932A /* Pods */ = {
			isa = PBXGroup;
			children = (
				72AB33DF73CD1DFEF7C670BE /* Pods-ReactComponentKit.debug.xcconfig */,
				2EE352A9FBBBA8055DB6918F /* Pods-ReactComponentKit.release.xcconfig */,
			);
			name = Pods;
			sourceTree = "<group>";
		};
/* End PBXGroup section */

/* Begin PBXNativeTarget section */
		4EDF631C21025FB00094DB29 /* ReactComponentKit */ = {
			isa = PBXNativeTarget;
			buildConfigurationList = 4EDF632F21025FB10094DB29 /* Build configuration list for PBXNativeTarget "ReactComponentKit" */;
			buildPhases = (
				F038D6AB31CBF712C8759DD5 /* [CP] Check Pods Manifest.lock */,
				4EDF631921025FB00094DB29 /* Sources */,
				4EDF631A21025FB00094DB29 /* Frameworks */,
				4EDF631B21025FB00094DB29 /* Resources */,
				CA910C4434740322322FAEE2 /* [CP] Embed Pods Frameworks */,
			);
			buildRules = (
			);
			dependencies = (
			);
			name = ReactComponentKit;
			productName = ReactComponentKit;
			productReference = 4EDF631D21025FB00094DB29 /* ReactComponentKit.app */;
			productType = "com.apple.product-type.application";
		};
/* End PBXNativeTarget section */

/* Begin PBXProject section */
		4EDF631521025FB00094DB29 /* Project object */ = {
			isa = PBXProject;
			attributes = {
				LastSwiftUpdateCheck = 0940;
				LastUpgradeCheck = 0940;
				ORGANIZATIONNAME = Burt.K;
				TargetAttributes = {
					4EDF631C21025FB00094DB29 = {
						CreatedOnToolsVersion = 9.4.1;
					};
				};
			};
			buildConfigurationList = 4EDF631821025FB00094DB29 /* Build configuration list for PBXProject "ReactComponentKit" */;
			compatibilityVersion = "Xcode 9.3";
			developmentRegion = en;
			hasScannedForEncodings = 0;
			knownRegions = (
				en,
				Base,
			);
			mainGroup = 4EDF631421025FB00094DB29;
			productRefGroup = 4EDF631E21025FB00094DB29 /* Products */;
			projectDirPath = "";
			projectRoot = "";
			targets = (
				4EDF631C21025FB00094DB29 /* ReactComponentKit */,
			);
		};
/* End PBXProject section */

/* Begin PBXResourcesBuildPhase section */
		4EDF631B21025FB00094DB29 /* Resources */ = {
			isa = PBXResourcesBuildPhase;
			buildActionMask = 2147483647;
			files = (
				4EDF632B21025FB10094DB29 /* LaunchScreen.storyboard in Resources */,
				4EDF632821025FB10094DB29 /* Assets.xcassets in Resources */,
				4EDF632621025FB00094DB29 /* Main.storyboard in Resources */,
			);
			runOnlyForDeploymentPostprocessing = 0;
		};
/* End PBXResourcesBuildPhase section */

/* Begin PBXShellScriptBuildPhase section */
		CA910C4434740322322FAEE2 /* [CP] Embed Pods Frameworks */ = {
			isa = PBXShellScriptBuildPhase;
			buildActionMask = 2147483647;
			files = (
			);
			inputPaths = (
				"${SRCROOT}/Pods/Target Support Files/Pods-ReactComponentKit/Pods-ReactComponentKit-frameworks.sh",
				"${BUILT_PRODUCTS_DIR}/BKEventBus/BKEventBus.framework",
				"${BUILT_PRODUCTS_DIR}/RxCocoa/RxCocoa.framework",
				"${BUILT_PRODUCTS_DIR}/RxSwift/RxSwift.framework",
				"${BUILT_PRODUCTS_DIR}/SnapKit/SnapKit.framework",
			);
			name = "[CP] Embed Pods Frameworks";
			outputPaths = (
				"${TARGET_BUILD_DIR}/${FRAMEWORKS_FOLDER_PATH}/BKEventBus.framework",
				"${TARGET_BUILD_DIR}/${FRAMEWORKS_FOLDER_PATH}/RxCocoa.framework",
				"${TARGET_BUILD_DIR}/${FRAMEWORKS_FOLDER_PATH}/RxSwift.framework",
				"${TARGET_BUILD_DIR}/${FRAMEWORKS_FOLDER_PATH}/SnapKit.framework",
			);
			runOnlyForDeploymentPostprocessing = 0;
			shellPath = /bin/sh;
			shellScript = "\"${SRCROOT}/Pods/Target Support Files/Pods-ReactComponentKit/Pods-ReactComponentKit-frameworks.sh\"\n";
			showEnvVarsInLog = 0;
		};
		F038D6AB31CBF712C8759DD5 /* [CP] Check Pods Manifest.lock */ = {
			isa = PBXShellScriptBuildPhase;
			buildActionMask = 2147483647;
			files = (
			);
			inputPaths = (
				"${PODS_PODFILE_DIR_PATH}/Podfile.lock",
				"${PODS_ROOT}/Manifest.lock",
			);
			name = "[CP] Check Pods Manifest.lock";
			outputPaths = (
				"$(DERIVED_FILE_DIR)/Pods-ReactComponentKit-checkManifestLockResult.txt",
			);
			runOnlyForDeploymentPostprocessing = 0;
			shellPath = /bin/sh;
			shellScript = "diff \"${PODS_PODFILE_DIR_PATH}/Podfile.lock\" \"${PODS_ROOT}/Manifest.lock\" > /dev/null\nif [ $? != 0 ] ; then\n    # print error to STDERR\n    echo \"error: The sandbox is not in sync with the Podfile.lock. Run 'pod install' or update your CocoaPods installation.\" >&2\n    exit 1\nfi\n# This output is used by Xcode 'outputs' to avoid re-running this script phase.\necho \"SUCCESS\" > \"${SCRIPT_OUTPUT_FILE_0}\"\n";
			showEnvVarsInLog = 0;
		};
/* End PBXShellScriptBuildPhase section */

/* Begin PBXSourcesBuildPhase section */
		4EDF631921025FB00094DB29 /* Sources */ = {
			isa = PBXSourcesBuildPhase;
			buildActionMask = 2147483647;
			files = (
				4EE221BF2102FB3B001D47B8 /* Store.swift in Sources */,
				4EE221C321037486001D47B8 /* ViewModel.swift in Sources */,
				4EE221BB2102F6F6001D47B8 /* ColorBox.swift in Sources */,
				4EDF632321025FB00094DB29 /* ViewController.swift in Sources */,
				4EDF6334210262C10094DB29 /* Component.swift in Sources */,
				4EDF632121025FB00094DB29 /* AppDelegate.swift in Sources */,
				4EE221C12102FB9E001D47B8 /* ActionType.swift in Sources */,
				4EDF63382102642C0094DB29 /* StateType.swift in Sources */,
				4EE221BD2102F88E001D47B8 /* ActionButton.swift in Sources */,
			);
			runOnlyForDeploymentPostprocessing = 0;
		};
/* End PBXSourcesBuildPhase section */

/* Begin PBXVariantGroup section */
		4EDF632421025FB00094DB29 /* Main.storyboard */ = {
			isa = PBXVariantGroup;
			children = (
				4EDF632521025FB00094DB29 /* Base */,
			);
			name = Main.storyboard;
			sourceTree = "<group>";
		};
		4EDF632921025FB10094DB29 /* LaunchScreen.storyboard */ = {
			isa = PBXVariantGroup;
			children = (
				4EDF632A21025FB10094DB29 /* Base */,
			);
			name = LaunchScreen.storyboard;
			sourceTree = "<group>";
		};
/* End PBXVariantGroup section */

/* Begin XCBuildConfiguration section */
		4EDF632D21025FB10094DB29 /* Debug */ = {
			isa = XCBuildConfiguration;
			buildSettings = {
				ALWAYS_SEARCH_USER_PATHS = NO;
				CLANG_ANALYZER_NONNULL = YES;
				CLANG_ANALYZER_NUMBER_OBJECT_CONVERSION = YES_AGGRESSIVE;
				CLANG_CXX_LANGUAGE_STANDARD = "gnu++14";
				CLANG_CXX_LIBRARY = "libc++";
				CLANG_ENABLE_MODULES = YES;
				CLANG_ENABLE_OBJC_ARC = YES;
				CLANG_ENABLE_OBJC_WEAK = YES;
				CLANG_WARN_BLOCK_CAPTURE_AUTORELEASING = YES;
				CLANG_WARN_BOOL_CONVERSION = YES;
				CLANG_WARN_COMMA = YES;
				CLANG_WARN_CONSTANT_CONVERSION = YES;
				CLANG_WARN_DEPRECATED_OBJC_IMPLEMENTATIONS = YES;
				CLANG_WARN_DIRECT_OBJC_ISA_USAGE = YES_ERROR;
				CLANG_WARN_DOCUMENTATION_COMMENTS = YES;
				CLANG_WARN_EMPTY_BODY = YES;
				CLANG_WARN_ENUM_CONVERSION = YES;
				CLANG_WARN_INFINITE_RECURSION = YES;
				CLANG_WARN_INT_CONVERSION = YES;
				CLANG_WARN_NON_LITERAL_NULL_CONVERSION = YES;
				CLANG_WARN_OBJC_IMPLICIT_RETAIN_SELF = YES;
				CLANG_WARN_OBJC_LITERAL_CONVERSION = YES;
				CLANG_WARN_OBJC_ROOT_CLASS = YES_ERROR;
				CLANG_WARN_RANGE_LOOP_ANALYSIS = YES;
				CLANG_WARN_STRICT_PROTOTYPES = YES;
				CLANG_WARN_SUSPICIOUS_MOVE = YES;
				CLANG_WARN_UNGUARDED_AVAILABILITY = YES_AGGRESSIVE;
				CLANG_WARN_UNREACHABLE_CODE = YES;
				CLANG_WARN__DUPLICATE_METHOD_MATCH = YES;
				CODE_SIGN_IDENTITY = "iPhone Developer";
				COPY_PHASE_STRIP = NO;
				DEBUG_INFORMATION_FORMAT = dwarf;
				ENABLE_STRICT_OBJC_MSGSEND = YES;
				ENABLE_TESTABILITY = YES;
				GCC_C_LANGUAGE_STANDARD = gnu11;
				GCC_DYNAMIC_NO_PIC = NO;
				GCC_NO_COMMON_BLOCKS = YES;
				GCC_OPTIMIZATION_LEVEL = 0;
				GCC_PREPROCESSOR_DEFINITIONS = (
					"DEBUG=1",
					"$(inherited)",
				);
				GCC_WARN_64_TO_32_BIT_CONVERSION = YES;
				GCC_WARN_ABOUT_RETURN_TYPE = YES_ERROR;
				GCC_WARN_UNDECLARED_SELECTOR = YES;
				GCC_WARN_UNINITIALIZED_AUTOS = YES_AGGRESSIVE;
				GCC_WARN_UNUSED_FUNCTION = YES;
				GCC_WARN_UNUSED_VARIABLE = YES;
				IPHONEOS_DEPLOYMENT_TARGET = 11.4;
				MTL_ENABLE_DEBUG_INFO = YES;
				ONLY_ACTIVE_ARCH = YES;
				SDKROOT = iphoneos;
				SWIFT_ACTIVE_COMPILATION_CONDITIONS = DEBUG;
				SWIFT_OPTIMIZATION_LEVEL = "-Onone";
			};
			name = Debug;
		};
		4EDF632E21025FB10094DB29 /* Release */ = {
			isa = XCBuildConfiguration;
			buildSettings = {
				ALWAYS_SEARCH_USER_PATHS = NO;
				CLANG_ANALYZER_NONNULL = YES;
				CLANG_ANALYZER_NUMBER_OBJECT_CONVERSION = YES_AGGRESSIVE;
				CLANG_CXX_LANGUAGE_STANDARD = "gnu++14";
				CLANG_CXX_LIBRARY = "libc++";
				CLANG_ENABLE_MODULES = YES;
				CLANG_ENABLE_OBJC_ARC = YES;
				CLANG_ENABLE_OBJC_WEAK = YES;
				CLANG_WARN_BLOCK_CAPTURE_AUTORELEASING = YES;
				CLANG_WARN_BOOL_CONVERSION = YES;
				CLANG_WARN_COMMA = YES;
				CLANG_WARN_CONSTANT_CONVERSION = YES;
				CLANG_WARN_DEPRECATED_OBJC_IMPLEMENTATIONS = YES;
				CLANG_WARN_DIRECT_OBJC_ISA_USAGE = YES_ERROR;
				CLANG_WARN_DOCUMENTATION_COMMENTS = YES;
				CLANG_WARN_EMPTY_BODY = YES;
				CLANG_WARN_ENUM_CONVERSION = YES;
				CLANG_WARN_INFINITE_RECURSION = YES;
				CLANG_WARN_INT_CONVERSION = YES;
				CLANG_WARN_NON_LITERAL_NULL_CONVERSION = YES;
				CLANG_WARN_OBJC_IMPLICIT_RETAIN_SELF = YES;
				CLANG_WARN_OBJC_LITERAL_CONVERSION = YES;
				CLANG_WARN_OBJC_ROOT_CLASS = YES_ERROR;
				CLANG_WARN_RANGE_LOOP_ANALYSIS = YES;
				CLANG_WARN_STRICT_PROTOTYPES = YES;
				CLANG_WARN_SUSPICIOUS_MOVE = YES;
				CLANG_WARN_UNGUARDED_AVAILABILITY = YES_AGGRESSIVE;
				CLANG_WARN_UNREACHABLE_CODE = YES;
				CLANG_WARN__DUPLICATE_METHOD_MATCH = YES;
				CODE_SIGN_IDENTITY = "iPhone Developer";
				COPY_PHASE_STRIP = NO;
				DEBUG_INFORMATION_FORMAT = "dwarf-with-dsym";
				ENABLE_NS_ASSERTIONS = NO;
				ENABLE_STRICT_OBJC_MSGSEND = YES;
				GCC_C_LANGUAGE_STANDARD = gnu11;
				GCC_NO_COMMON_BLOCKS = YES;
				GCC_WARN_64_TO_32_BIT_CONVERSION = YES;
				GCC_WARN_ABOUT_RETURN_TYPE = YES_ERROR;
				GCC_WARN_UNDECLARED_SELECTOR = YES;
				GCC_WARN_UNINITIALIZED_AUTOS = YES_AGGRESSIVE;
				GCC_WARN_UNUSED_FUNCTION = YES;
				GCC_WARN_UNUSED_VARIABLE = YES;
				IPHONEOS_DEPLOYMENT_TARGET = 11.4;
				MTL_ENABLE_DEBUG_INFO = NO;
				SDKROOT = iphoneos;
				SWIFT_COMPILATION_MODE = wholemodule;
				SWIFT_OPTIMIZATION_LEVEL = "-O";
				VALIDATE_PRODUCT = YES;
			};
			name = Release;
		};
		4EDF633021025FB10094DB29 /* Debug */ = {
			isa = XCBuildConfiguration;
			baseConfigurationReference = 72AB33DF73CD1DFEF7C670BE /* Pods-ReactComponentKit.debug.xcconfig */;
			buildSettings = {
				ASSETCATALOG_COMPILER_APPICON_NAME = AppIcon;
				CODE_SIGN_STYLE = Automatic;
				DEVELOPMENT_TEAM = F2YX27TG52;
				INFOPLIST_FILE = ReactComponentKitApp/Info.plist;
				IPHONEOS_DEPLOYMENT_TARGET = 8.0;
				LD_RUNPATH_SEARCH_PATHS = (
					"$(inherited)",
					"@executable_path/Frameworks",
				);
				PRODUCT_BUNDLE_IDENTIFIER = com.github.skyfe79.ReactComponentKit;
				PRODUCT_NAME = "$(TARGET_NAME)";
				SWIFT_VERSION = 3.0;
				TARGETED_DEVICE_FAMILY = "1,2";
			};
			name = Debug;
		};
		4EDF633121025FB10094DB29 /* Release */ = {
			isa = XCBuildConfiguration;
			baseConfigurationReference = 2EE352A9FBBBA8055DB6918F /* Pods-ReactComponentKit.release.xcconfig */;
			buildSettings = {
				ASSETCATALOG_COMPILER_APPICON_NAME = AppIcon;
				CODE_SIGN_STYLE = Automatic;
				DEVELOPMENT_TEAM = F2YX27TG52;
				INFOPLIST_FILE = ReactComponentKitApp/Info.plist;
				IPHONEOS_DEPLOYMENT_TARGET = 8.0;
				LD_RUNPATH_SEARCH_PATHS = (
					"$(inherited)",
					"@executable_path/Frameworks",
				);
				PRODUCT_BUNDLE_IDENTIFIER = com.github.skyfe79.ReactComponentKit;
				PRODUCT_NAME = "$(TARGET_NAME)";
				SWIFT_VERSION = 3.0;
				TARGETED_DEVICE_FAMILY = "1,2";
			};
			name = Release;
		};
/* End XCBuildConfiguration section */

/* Begin XCConfigurationList section */
		4EDF631821025FB00094DB29 /* Build configuration list for PBXProject "ReactComponentKit" */ = {
			isa = XCConfigurationList;
			buildConfigurations = (
				4EDF632D21025FB10094DB29 /* Debug */,
				4EDF632E21025FB10094DB29 /* Release */,
			);
			defaultConfigurationIsVisible = 0;
			defaultConfigurationName = Release;
		};
		4EDF632F21025FB10094DB29 /* Build configuration list for PBXNativeTarget "ReactComponentKit" */ = {
			isa = XCConfigurationList;
			buildConfigurations = (
				4EDF633021025FB10094DB29 /* Debug */,
				4EDF633121025FB10094DB29 /* Release */,
			);
			defaultConfigurationIsVisible = 0;
			defaultConfigurationName = Release;
		};
/* End XCConfigurationList section */
	};
	rootObject = 4EDF631521025FB00094DB29 /* Project object */;
}
