// !$*UTF8*$!
{
	archiveVersion = 1;
	classes = {
	};
	objectVersion = 50;
	objects = {

/* Begin PBXBuildFile section */
		4E019D3A210E16A100ABD37A /* CollectionViewComponentCell.swift in Sources */ = {isa = PBXBuildFile; fileRef = 4E019D34210E16A100ABD37A /* CollectionViewComponentCell.swift */; };
		4E019D3B210E16A100ABD37A /* CollectionReusableComponentView.swift in Sources */ = {isa = PBXBuildFile; fileRef = 4E019D35210E16A100ABD37A /* CollectionReusableComponentView.swift */; };
		4E019D3C210E16A100ABD37A /* TableViewComponentCell.swift in Sources */ = {isa = PBXBuildFile; fileRef = 4E019D36210E16A100ABD37A /* TableViewComponentCell.swift */; };
		4E0A6F14212697AD00A3E0E6 /* UITableViewAdapter.swift in Sources */ = {isa = PBXBuildFile; fileRef = 4E0A6F13212697AD00A3E0E6 /* UITableViewAdapter.swift */; };
		4E0A6F17212698B500A3E0E6 /* SectionModel.swift in Sources */ = {isa = PBXBuildFile; fileRef = 4E0A6F16212698B500A3E0E6 /* SectionModel.swift */; };
		4E0A6F19212698F600A3E0E6 /* ItemModel.swift in Sources */ = {isa = PBXBuildFile; fileRef = 4E0A6F18212698F600A3E0E6 /* ItemModel.swift */; };
		4E0A6F1F2126C97E00A3E0E6 /* UIViewComponentClassProvider.swift in Sources */ = {isa = PBXBuildFile; fileRef = 4E0A6F1E2126C97E00A3E0E6 /* UIViewComponentClassProvider.swift */; };
		4E0A6F222126E01800A3E0E6 /* MakeTodoSectionModels.swift in Sources */ = {isa = PBXBuildFile; fileRef = 4E0A6F212126E01800A3E0E6 /* MakeTodoSectionModels.swift */; };
		4E0A6F252126E2A300A3E0E6 /* TodoItem.swift in Sources */ = {isa = PBXBuildFile; fileRef = 4E0A6F242126E2A300A3E0E6 /* TodoItem.swift */; };
		4E0A6F28212700F700A3E0E6 /* SectionHeaderComponent.swift in Sources */ = {isa = PBXBuildFile; fileRef = 4E0A6F27212700F700A3E0E6 /* SectionHeaderComponent.swift */; };
		4E0A6F2A2127015200A3E0E6 /* TodoSectionHeaderModel.swift in Sources */ = {isa = PBXBuildFile; fileRef = 4E0A6F292127015200A3E0E6 /* TodoSectionHeaderModel.swift */; };
		4E0A6F2C2127087B00A3E0E6 /* TodoSectionFooterModel.swift in Sources */ = {isa = PBXBuildFile; fileRef = 4E0A6F2B2127087B00A3E0E6 /* TodoSectionFooterModel.swift */; };
		4E17CBCB21299B5200F0B2A3 /* CollectionViewController.swift in Sources */ = {isa = PBXBuildFile; fileRef = 4E17CBCA21299B5200F0B2A3 /* CollectionViewController.swift */; };
		4E17CBCD21299B6D00F0B2A3 /* CollectionViewModel.swift in Sources */ = {isa = PBXBuildFile; fileRef = 4E17CBCC21299B6D00F0B2A3 /* CollectionViewModel.swift */; };
		4E3E01A021056B9700DDB93C /* AppDelegate.swift in Sources */ = {isa = PBXBuildFile; fileRef = 4E3E019F21056B9700DDB93C /* AppDelegate.swift */; };
		4E3E01A221056B9700DDB93C /* ViewController.swift in Sources */ = {isa = PBXBuildFile; fileRef = 4E3E01A121056B9700DDB93C /* ViewController.swift */; };
		4E3E01A521056B9700DDB93C /* Main.storyboard in Resources */ = {isa = PBXBuildFile; fileRef = 4E3E01A321056B9700DDB93C /* Main.storyboard */; };
		4E3E01A721056B9700DDB93C /* Assets.xcassets in Resources */ = {isa = PBXBuildFile; fileRef = 4E3E01A621056B9700DDB93C /* Assets.xcassets */; };
		4E3E01AA21056B9700DDB93C /* LaunchScreen.storyboard in Resources */ = {isa = PBXBuildFile; fileRef = 4E3E01A821056B9700DDB93C /* LaunchScreen.storyboard */; };
		4E3E01B521056B9800DDB93C /* ReactComponentKitAppTests.swift in Sources */ = {isa = PBXBuildFile; fileRef = 4E3E01B421056B9800DDB93C /* ReactComponentKitAppTests.swift */; };
		4E3E05BA21134E5400D6DBB5 /* MessageViewComponent.swift in Sources */ = {isa = PBXBuildFile; fileRef = 4E3E05B921134E5400D6DBB5 /* MessageViewComponent.swift */; };
		4E3E05BD2113504800D6DBB5 /* TextReducer.swift in Sources */ = {isa = PBXBuildFile; fileRef = 4E3E05BC2113504800D6DBB5 /* TextReducer.swift */; };
		4E3E05C02113517100D6DBB5 /* TextAction.swift in Sources */ = {isa = PBXBuildFile; fileRef = 4E3E05BF2113517100D6DBB5 /* TextAction.swift */; };
		4E43A3AD212843B000897A14 /* UICollectionViewAdapter.swift in Sources */ = {isa = PBXBuildFile; fileRef = 4E43A3AC212843B000897A14 /* UICollectionViewAdapter.swift */; };
		4E44CDE02115E67300AB4FCF /* UIViewComponent.swift in Sources */ = {isa = PBXBuildFile; fileRef = 4E44CDDF2115E67300AB4FCF /* UIViewComponent.swift */; };
		4E44CDE22115E72A00AB4FCF /* UIViewControllerComponent.swift in Sources */ = {isa = PBXBuildFile; fileRef = 4E44CDE12115E72A00AB4FCF /* UIViewControllerComponent.swift */; };
		4E44CDE42115E97B00AB4FCF /* ButtonComponent.swift in Sources */ = {isa = PBXBuildFile; fileRef = 4E44CDE32115E97B00AB4FCF /* ButtonComponent.swift */; };
		4E464A322108C1C600D0C4DE /* ConsoleLog.swift in Sources */ = {isa = PBXBuildFile; fileRef = 4E464A312108C1C600D0C4DE /* ConsoleLog.swift */; };
		4E464A372108CEB400D0C4DE /* CacheCountValue.swift in Sources */ = {isa = PBXBuildFile; fileRef = 4E464A362108CEB400D0C4DE /* CacheCountValue.swift */; };
		4E464A392108CF3700D0C4DE /* PrintCachedValue.swift in Sources */ = {isa = PBXBuildFile; fileRef = 4E464A382108CF3700D0C4DE /* PrintCachedValue.swift */; };
		4E4AD6F421108F7500973D60 /* ReactComponent.swift in Sources */ = {isa = PBXBuildFile; fileRef = 4E4AD6F321108F7500973D60 /* ReactComponent.swift */; };
		4E4AD6FA211095F600973D60 /* UIViewController+Component.swift in Sources */ = {isa = PBXBuildFile; fileRef = 4E4AD6F9211095F600973D60 /* UIViewController+Component.swift */; };
		4E4AD6FD2110977100973D60 /* StackViewController.swift in Sources */ = {isa = PBXBuildFile; fileRef = 4E4AD6FC2110977100973D60 /* StackViewController.swift */; };
		4E4AD700211097FD00973D60 /* RedViewComponent.swift in Sources */ = {isa = PBXBuildFile; fileRef = 4E4AD6FF211097FD00973D60 /* RedViewComponent.swift */; };
		4E4FEC2A21206FF20077924F /* UITableViewComponent.swift in Sources */ = {isa = PBXBuildFile; fileRef = 4E4FEC2921206FF20077924F /* UITableViewComponent.swift */; };
		4E4FEC2C212071A30077924F /* UICollectionViewComponent.swift in Sources */ = {isa = PBXBuildFile; fileRef = 4E4FEC2B212071A30077924F /* UICollectionViewComponent.swift */; };
		4E568BD62106168100652321 /* ViewModel.swift in Sources */ = {isa = PBXBuildFile; fileRef = 4E568BD52106168100652321 /* ViewModel.swift */; };
		4E568BDA2106170600652321 /* IncreaseAction.swift in Sources */ = {isa = PBXBuildFile; fileRef = 4E568BD92106170600652321 /* IncreaseAction.swift */; };
		4E568BDD2106173200652321 /* DecreaseAction.swift in Sources */ = {isa = PBXBuildFile; fileRef = 4E568BDC2106173200652321 /* DecreaseAction.swift */; };
		4E568BDF2106175100652321 /* CountReducer.swift in Sources */ = {isa = PBXBuildFile; fileRef = 4E568BDE2106175100652321 /* CountReducer.swift */; };
		4E58F2602111F232005373EF /* StackViewModel.swift in Sources */ = {isa = PBXBuildFile; fileRef = 4E58F25F2111F232005373EF /* StackViewModel.swift */; };
		4E58F2622111F35F005373EF /* RootViewModelType.swift in Sources */ = {isa = PBXBuildFile; fileRef = 4E58F2612111F35F005373EF /* RootViewModelType.swift */; };
		4E5CFC17212BFD35002261F6 /* IndexPathConverter.swift in Sources */ = {isa = PBXBuildFile; fileRef = 4E5CFC0B212BFD35002261F6 /* IndexPathConverter.swift */; };
		4E5CFC18212BFD35002261F6 /* UITableView+Extensions.swift in Sources */ = {isa = PBXBuildFile; fileRef = 4E5CFC0C212BFD35002261F6 /* UITableView+Extensions.swift */; };
		4E5CFC19212BFD35002261F6 /* UICollectionView+Extensions.swift in Sources */ = {isa = PBXBuildFile; fileRef = 4E5CFC0D212BFD35002261F6 /* UICollectionView+Extensions.swift */; };
		4E5CFC1A212BFD35002261F6 /* Array+Extensions.swift in Sources */ = {isa = PBXBuildFile; fileRef = 4E5CFC0F212BFD35002261F6 /* Array+Extensions.swift */; };
		4E5CFC1B212BFD35002261F6 /* DeepDiff.swift in Sources */ = {isa = PBXBuildFile; fileRef = 4E5CFC10212BFD35002261F6 /* DeepDiff.swift */; };
		4E5CFC1C212BFD35002261F6 /* WagnerFischer.swift in Sources */ = {isa = PBXBuildFile; fileRef = 4E5CFC12212BFD35002261F6 /* WagnerFischer.swift */; };
		4E5CFC1E212BFD35002261F6 /* Heckel.swift in Sources */ = {isa = PBXBuildFile; fileRef = 4E5CFC14212BFD35002261F6 /* Heckel.swift */; };
		4E5CFC1F212BFD35002261F6 /* MoveReducer.swift in Sources */ = {isa = PBXBuildFile; fileRef = 4E5CFC15212BFD35002261F6 /* MoveReducer.swift */; };
		4E5CFC20212BFD35002261F6 /* Change.swift in Sources */ = {isa = PBXBuildFile; fileRef = 4E5CFC16212BFD35002261F6 /* Change.swift */; };
		4E8A694A212661AC0074EBBA /* TableViewController.swift in Sources */ = {isa = PBXBuildFile; fileRef = 4E8A6949212661AC0074EBBA /* TableViewController.swift */; };
		4E8A694C212661FE0074EBBA /* TableViewModel.swift in Sources */ = {isa = PBXBuildFile; fileRef = 4E8A694B212661FE0074EBBA /* TableViewModel.swift */; };
		4E8A6950212665820074EBBA /* TodoReducer.swift in Sources */ = {isa = PBXBuildFile; fileRef = 4E8A694F212665820074EBBA /* TodoReducer.swift */; };
		4E8A69522126659A0074EBBA /* AddTodoAction.swift in Sources */ = {isa = PBXBuildFile; fileRef = 4E8A69512126659A0074EBBA /* AddTodoAction.swift */; };
		4EB0A26D21F0D99900A1BBA5 /* ColorNibComponent.swift in Sources */ = {isa = PBXBuildFile; fileRef = 4EB0A26C21F0D99900A1BBA5 /* ColorNibComponent.swift */; };
		4EB0A26F21F0D9BA00A1BBA5 /* ColorNibComponent.xib in Resources */ = {isa = PBXBuildFile; fileRef = 4EB0A26E21F0D9BA00A1BBA5 /* ColorNibComponent.xib */; };
		4EBD8A8A210C70C3009CD480 /* RandomColorAction.swift in Sources */ = {isa = PBXBuildFile; fileRef = 4EBD8A89210C70C3009CD480 /* RandomColorAction.swift */; };
		4EBD8A8C210C7178009CD480 /* ColorReducer.swift in Sources */ = {isa = PBXBuildFile; fileRef = 4EBD8A8B210C7178009CD480 /* ColorReducer.swift */; };
		4ECD183C2209CD60005FA347 /* ActionDispatcher.swift in Sources */ = {isa = PBXBuildFile; fileRef = 4ECD183B2209CD60005FA347 /* ActionDispatcher.swift */; };
		4EE973EF21F372E7001039B7 /* LoadingComponent.swift in Sources */ = {isa = PBXBuildFile; fileRef = 4EE973EE21F372E7001039B7 /* LoadingComponent.swift */; };
		4EE973F121F37423001039B7 /* StoryBoardViewController.swift in Sources */ = {isa = PBXBuildFile; fileRef = 4EE973F021F37423001039B7 /* StoryBoardViewController.swift */; };
		4EE973F321F37441001039B7 /* StoryBoardViewModel.swift in Sources */ = {isa = PBXBuildFile; fileRef = 4EE973F221F37441001039B7 /* StoryBoardViewModel.swift */; };
		4EF6E2C1222976BF00977430 /* DiffAware.swift in Sources */ = {isa = PBXBuildFile; fileRef = 4EF6E2C0222976BF00977430 /* DiffAware.swift */; };
		79B9653E4885DCD51731F478 /* Pods_ReactComponentKitAppTests.framework in Frameworks */ = {isa = PBXBuildFile; fileRef = B00C93DC7C8FF383E142E029 /* Pods_ReactComponentKitAppTests.framework */; };
		84E2BBF849FCA5DB1E4F8235 /* Pods_ReactComponentKitApp.framework in Frameworks */ = {isa = PBXBuildFile; fileRef = 59031C46F7FC4D5FF2C2ACC0 /* Pods_ReactComponentKitApp.framework */; };
/* End PBXBuildFile section */

/* Begin PBXContainerItemProxy section */
		4E3E01B121056B9800DDB93C /* PBXContainerItemProxy */ = {
			isa = PBXContainerItemProxy;
			containerPortal = 4E3E019421056B9700DDB93C /* Project object */;
			proxyType = 1;
			remoteGlobalIDString = 4E3E019B21056B9700DDB93C;
			remoteInfo = ReactComponentKitApp;
		};
/* End PBXContainerItemProxy section */

/* Begin PBXFileReference section */
		4E019D34210E16A100ABD37A /* CollectionViewComponentCell.swift */ = {isa = PBXFileReference; fileEncoding = 4; lastKnownFileType = sourcecode.swift; path = CollectionViewComponentCell.swift; sourceTree = "<group>"; };
		4E019D35210E16A100ABD37A /* CollectionReusableComponentView.swift */ = {isa = PBXFileReference; fileEncoding = 4; lastKnownFileType = sourcecode.swift; path = CollectionReusableComponentView.swift; sourceTree = "<group>"; };
		4E019D36210E16A100ABD37A /* TableViewComponentCell.swift */ = {isa = PBXFileReference; fileEncoding = 4; lastKnownFileType = sourcecode.swift; path = TableViewComponentCell.swift; sourceTree = "<group>"; };
		4E0A6F13212697AD00A3E0E6 /* UITableViewAdapter.swift */ = {isa = PBXFileReference; lastKnownFileType = sourcecode.swift; path = UITableViewAdapter.swift; sourceTree = "<group>"; };
		4E0A6F16212698B500A3E0E6 /* SectionModel.swift */ = {isa = PBXFileReference; lastKnownFileType = sourcecode.swift; path = SectionModel.swift; sourceTree = "<group>"; };
		4E0A6F18212698F600A3E0E6 /* ItemModel.swift */ = {isa = PBXFileReference; lastKnownFileType = sourcecode.swift; path = ItemModel.swift; sourceTree = "<group>"; };
		4E0A6F1E2126C97E00A3E0E6 /* UIViewComponentClassProvider.swift */ = {isa = PBXFileReference; lastKnownFileType = sourcecode.swift; path = UIViewComponentClassProvider.swift; sourceTree = "<group>"; };
		4E0A6F212126E01800A3E0E6 /* MakeTodoSectionModels.swift */ = {isa = PBXFileReference; lastKnownFileType = sourcecode.swift; path = MakeTodoSectionModels.swift; sourceTree = "<group>"; };
		4E0A6F242126E2A300A3E0E6 /* TodoItem.swift */ = {isa = PBXFileReference; lastKnownFileType = sourcecode.swift; path = TodoItem.swift; sourceTree = "<group>"; };
		4E0A6F27212700F700A3E0E6 /* SectionHeaderComponent.swift */ = {isa = PBXFileReference; lastKnownFileType = sourcecode.swift; path = SectionHeaderComponent.swift; sourceTree = "<group>"; };
		4E0A6F292127015200A3E0E6 /* TodoSectionHeaderModel.swift */ = {isa = PBXFileReference; lastKnownFileType = sourcecode.swift; path = TodoSectionHeaderModel.swift; sourceTree = "<group>"; };
		4E0A6F2B2127087B00A3E0E6 /* TodoSectionFooterModel.swift */ = {isa = PBXFileReference; lastKnownFileType = sourcecode.swift; path = TodoSectionFooterModel.swift; sourceTree = "<group>"; };
		4E17CBCA21299B5200F0B2A3 /* CollectionViewController.swift */ = {isa = PBXFileReference; lastKnownFileType = sourcecode.swift; path = CollectionViewController.swift; sourceTree = "<group>"; };
		4E17CBCC21299B6D00F0B2A3 /* CollectionViewModel.swift */ = {isa = PBXFileReference; lastKnownFileType = sourcecode.swift; path = CollectionViewModel.swift; sourceTree = "<group>"; };
		4E3E019C21056B9700DDB93C /* ReactComponentKitApp.app */ = {isa = PBXFileReference; explicitFileType = wrapper.application; includeInIndex = 0; path = ReactComponentKitApp.app; sourceTree = BUILT_PRODUCTS_DIR; };
		4E3E019F21056B9700DDB93C /* AppDelegate.swift */ = {isa = PBXFileReference; lastKnownFileType = sourcecode.swift; path = AppDelegate.swift; sourceTree = "<group>"; };
		4E3E01A121056B9700DDB93C /* ViewController.swift */ = {isa = PBXFileReference; lastKnownFileType = sourcecode.swift; path = ViewController.swift; sourceTree = "<group>"; };
		4E3E01A421056B9700DDB93C /* Base */ = {isa = PBXFileReference; lastKnownFileType = file.storyboard; name = Base; path = Base.lproj/Main.storyboard; sourceTree = "<group>"; };
		4E3E01A621056B9700DDB93C /* Assets.xcassets */ = {isa = PBXFileReference; lastKnownFileType = folder.assetcatalog; path = Assets.xcassets; sourceTree = "<group>"; };
		4E3E01A921056B9700DDB93C /* Base */ = {isa = PBXFileReference; lastKnownFileType = file.storyboard; name = Base; path = Base.lproj/LaunchScreen.storyboard; sourceTree = "<group>"; };
		4E3E01AB21056B9800DDB93C /* Info.plist */ = {isa = PBXFileReference; lastKnownFileType = text.plist.xml; path = Info.plist; sourceTree = "<group>"; };
		4E3E01B021056B9800DDB93C /* ReactComponentKitAppTests.xctest */ = {isa = PBXFileReference; explicitFileType = wrapper.cfbundle; includeInIndex = 0; path = ReactComponentKitAppTests.xctest; sourceTree = BUILT_PRODUCTS_DIR; };
		4E3E01B421056B9800DDB93C /* ReactComponentKitAppTests.swift */ = {isa = PBXFileReference; lastKnownFileType = sourcecode.swift; path = ReactComponentKitAppTests.swift; sourceTree = "<group>"; };
		4E3E01B621056B9800DDB93C /* Info.plist */ = {isa = PBXFileReference; lastKnownFileType = text.plist.xml; path = Info.plist; sourceTree = "<group>"; };
		4E3E05B921134E5400D6DBB5 /* MessageViewComponent.swift */ = {isa = PBXFileReference; lastKnownFileType = sourcecode.swift; path = MessageViewComponent.swift; sourceTree = "<group>"; };
		4E3E05BC2113504800D6DBB5 /* TextReducer.swift */ = {isa = PBXFileReference; lastKnownFileType = sourcecode.swift; path = TextReducer.swift; sourceTree = "<group>"; };
		4E3E05BF2113517100D6DBB5 /* TextAction.swift */ = {isa = PBXFileReference; lastKnownFileType = sourcecode.swift; path = TextAction.swift; sourceTree = "<group>"; };
		4E43A3AC212843B000897A14 /* UICollectionViewAdapter.swift */ = {isa = PBXFileReference; lastKnownFileType = sourcecode.swift; path = UICollectionViewAdapter.swift; sourceTree = "<group>"; };
		4E44CDDF2115E67300AB4FCF /* UIViewComponent.swift */ = {isa = PBXFileReference; lastKnownFileType = sourcecode.swift; path = UIViewComponent.swift; sourceTree = "<group>"; };
		4E44CDE12115E72A00AB4FCF /* UIViewControllerComponent.swift */ = {isa = PBXFileReference; lastKnownFileType = sourcecode.swift; path = UIViewControllerComponent.swift; sourceTree = "<group>"; };
		4E44CDE32115E97B00AB4FCF /* ButtonComponent.swift */ = {isa = PBXFileReference; lastKnownFileType = sourcecode.swift; path = ButtonComponent.swift; sourceTree = "<group>"; };
		4E464A312108C1C600D0C4DE /* ConsoleLog.swift */ = {isa = PBXFileReference; lastKnownFileType = sourcecode.swift; path = ConsoleLog.swift; sourceTree = "<group>"; };
		4E464A362108CEB400D0C4DE /* CacheCountValue.swift */ = {isa = PBXFileReference; lastKnownFileType = sourcecode.swift; path = CacheCountValue.swift; sourceTree = "<group>"; };
		4E464A382108CF3700D0C4DE /* PrintCachedValue.swift */ = {isa = PBXFileReference; lastKnownFileType = sourcecode.swift; path = PrintCachedValue.swift; sourceTree = "<group>"; };
		4E4AD6F321108F7500973D60 /* ReactComponent.swift */ = {isa = PBXFileReference; lastKnownFileType = sourcecode.swift; path = ReactComponent.swift; sourceTree = "<group>"; };
		4E4AD6F9211095F600973D60 /* UIViewController+Component.swift */ = {isa = PBXFileReference; lastKnownFileType = sourcecode.swift; path = "UIViewController+Component.swift"; sourceTree = "<group>"; };
		4E4AD6FC2110977100973D60 /* StackViewController.swift */ = {isa = PBXFileReference; lastKnownFileType = sourcecode.swift; path = StackViewController.swift; sourceTree = "<group>"; };
		4E4AD6FF211097FD00973D60 /* RedViewComponent.swift */ = {isa = PBXFileReference; lastKnownFileType = sourcecode.swift; path = RedViewComponent.swift; sourceTree = "<group>"; };
		4E4FEC2921206FF20077924F /* UITableViewComponent.swift */ = {isa = PBXFileReference; lastKnownFileType = sourcecode.swift; path = UITableViewComponent.swift; sourceTree = "<group>"; };
		4E4FEC2B212071A30077924F /* UICollectionViewComponent.swift */ = {isa = PBXFileReference; lastKnownFileType = sourcecode.swift; path = UICollectionViewComponent.swift; sourceTree = "<group>"; };
		4E568BD52106168100652321 /* ViewModel.swift */ = {isa = PBXFileReference; lastKnownFileType = sourcecode.swift; path = ViewModel.swift; sourceTree = "<group>"; };
		4E568BD92106170600652321 /* IncreaseAction.swift */ = {isa = PBXFileReference; lastKnownFileType = sourcecode.swift; path = IncreaseAction.swift; sourceTree = "<group>"; };
		4E568BDC2106173200652321 /* DecreaseAction.swift */ = {isa = PBXFileReference; lastKnownFileType = sourcecode.swift; path = DecreaseAction.swift; sourceTree = "<group>"; };
		4E568BDE2106175100652321 /* CountReducer.swift */ = {isa = PBXFileReference; lastKnownFileType = sourcecode.swift; path = CountReducer.swift; sourceTree = "<group>"; };
		4E58F25F2111F232005373EF /* StackViewModel.swift */ = {isa = PBXFileReference; lastKnownFileType = sourcecode.swift; path = StackViewModel.swift; sourceTree = "<group>"; };
		4E58F2612111F35F005373EF /* RootViewModelType.swift */ = {isa = PBXFileReference; lastKnownFileType = sourcecode.swift; path = RootViewModelType.swift; sourceTree = "<group>"; };
		4E5CFC0B212BFD35002261F6 /* IndexPathConverter.swift */ = {isa = PBXFileReference; fileEncoding = 4; lastKnownFileType = sourcecode.swift; path = IndexPathConverter.swift; sourceTree = "<group>"; };
		4E5CFC0C212BFD35002261F6 /* UITableView+Extensions.swift */ = {isa = PBXFileReference; fileEncoding = 4; lastKnownFileType = sourcecode.swift; path = "UITableView+Extensions.swift"; sourceTree = "<group>"; };
		4E5CFC0D212BFD35002261F6 /* UICollectionView+Extensions.swift */ = {isa = PBXFileReference; fileEncoding = 4; lastKnownFileType = sourcecode.swift; path = "UICollectionView+Extensions.swift"; sourceTree = "<group>"; };
		4E5CFC0F212BFD35002261F6 /* Array+Extensions.swift */ = {isa = PBXFileReference; fileEncoding = 4; lastKnownFileType = sourcecode.swift; path = "Array+Extensions.swift"; sourceTree = "<group>"; };
		4E5CFC10212BFD35002261F6 /* DeepDiff.swift */ = {isa = PBXFileReference; fileEncoding = 4; lastKnownFileType = sourcecode.swift; path = DeepDiff.swift; sourceTree = "<group>"; };
		4E5CFC12212BFD35002261F6 /* WagnerFischer.swift */ = {isa = PBXFileReference; fileEncoding = 4; lastKnownFileType = sourcecode.swift; path = WagnerFischer.swift; sourceTree = "<group>"; };
		4E5CFC14212BFD35002261F6 /* Heckel.swift */ = {isa = PBXFileReference; fileEncoding = 4; lastKnownFileType = sourcecode.swift; path = Heckel.swift; sourceTree = "<group>"; };
		4E5CFC15212BFD35002261F6 /* MoveReducer.swift */ = {isa = PBXFileReference; fileEncoding = 4; lastKnownFileType = sourcecode.swift; path = MoveReducer.swift; sourceTree = "<group>"; };
		4E5CFC16212BFD35002261F6 /* Change.swift */ = {isa = PBXFileReference; fileEncoding = 4; lastKnownFileType = sourcecode.swift; path = Change.swift; sourceTree = "<group>"; };
		4E8A6949212661AC0074EBBA /* TableViewController.swift */ = {isa = PBXFileReference; lastKnownFileType = sourcecode.swift; path = TableViewController.swift; sourceTree = "<group>"; };
		4E8A694B212661FE0074EBBA /* TableViewModel.swift */ = {isa = PBXFileReference; lastKnownFileType = sourcecode.swift; path = TableViewModel.swift; sourceTree = "<group>"; };
		4E8A694F212665820074EBBA /* TodoReducer.swift */ = {isa = PBXFileReference; lastKnownFileType = sourcecode.swift; path = TodoReducer.swift; sourceTree = "<group>"; };
		4E8A69512126659A0074EBBA /* AddTodoAction.swift */ = {isa = PBXFileReference; lastKnownFileType = sourcecode.swift; path = AddTodoAction.swift; sourceTree = "<group>"; };
		4EB0A26C21F0D99900A1BBA5 /* ColorNibComponent.swift */ = {isa = PBXFileReference; lastKnownFileType = sourcecode.swift; path = ColorNibComponent.swift; sourceTree = "<group>"; };
		4EB0A26E21F0D9BA00A1BBA5 /* ColorNibComponent.xib */ = {isa = PBXFileReference; lastKnownFileType = file.xib; path = ColorNibComponent.xib; sourceTree = "<group>"; };
		4EBD8A89210C70C3009CD480 /* RandomColorAction.swift */ = {isa = PBXFileReference; lastKnownFileType = sourcecode.swift; path = RandomColorAction.swift; sourceTree = "<group>"; };
		4EBD8A8B210C7178009CD480 /* ColorReducer.swift */ = {isa = PBXFileReference; lastKnownFileType = sourcecode.swift; path = ColorReducer.swift; sourceTree = "<group>"; };
		4ECD183B2209CD60005FA347 /* ActionDispatcher.swift */ = {isa = PBXFileReference; lastKnownFileType = sourcecode.swift; path = ActionDispatcher.swift; sourceTree = "<group>"; };
		4EE973EE21F372E7001039B7 /* LoadingComponent.swift */ = {isa = PBXFileReference; lastKnownFileType = sourcecode.swift; path = LoadingComponent.swift; sourceTree = "<group>"; };
		4EE973F021F37423001039B7 /* StoryBoardViewController.swift */ = {isa = PBXFileReference; lastKnownFileType = sourcecode.swift; path = StoryBoardViewController.swift; sourceTree = "<group>"; };
		4EE973F221F37441001039B7 /* StoryBoardViewModel.swift */ = {isa = PBXFileReference; lastKnownFileType = sourcecode.swift; path = StoryBoardViewModel.swift; sourceTree = "<group>"; };
		4EF6E2C0222976BF00977430 /* DiffAware.swift */ = {isa = PBXFileReference; fileEncoding = 4; lastKnownFileType = sourcecode.swift; path = DiffAware.swift; sourceTree = "<group>"; };
		59031C46F7FC4D5FF2C2ACC0 /* Pods_ReactComponentKitApp.framework */ = {isa = PBXFileReference; explicitFileType = wrapper.framework; includeInIndex = 0; path = Pods_ReactComponentKitApp.framework; sourceTree = BUILT_PRODUCTS_DIR; };
		7F1D52EECDA19B350342BA65 /* Pods-ReactComponentKitApp.debug.xcconfig */ = {isa = PBXFileReference; includeInIndex = 1; lastKnownFileType = text.xcconfig; name = "Pods-ReactComponentKitApp.debug.xcconfig"; path = "Pods/Target Support Files/Pods-ReactComponentKitApp/Pods-ReactComponentKitApp.debug.xcconfig"; sourceTree = "<group>"; };
		9C0DDB80135374A100D59E7E /* Pods-ReactComponentKitAppTests.release.xcconfig */ = {isa = PBXFileReference; includeInIndex = 1; lastKnownFileType = text.xcconfig; name = "Pods-ReactComponentKitAppTests.release.xcconfig"; path = "Pods/Target Support Files/Pods-ReactComponentKitAppTests/Pods-ReactComponentKitAppTests.release.xcconfig"; sourceTree = "<group>"; };
		B00C93DC7C8FF383E142E029 /* Pods_ReactComponentKitAppTests.framework */ = {isa = PBXFileReference; explicitFileType = wrapper.framework; includeInIndex = 0; path = Pods_ReactComponentKitAppTests.framework; sourceTree = BUILT_PRODUCTS_DIR; };
		C5A8C667EC2A9DB5C21A82B9 /* Pods-ReactComponentKitAppTests.debug.xcconfig */ = {isa = PBXFileReference; includeInIndex = 1; lastKnownFileType = text.xcconfig; name = "Pods-ReactComponentKitAppTests.debug.xcconfig"; path = "Pods/Target Support Files/Pods-ReactComponentKitAppTests/Pods-ReactComponentKitAppTests.debug.xcconfig"; sourceTree = "<group>"; };
		FE9E66A8A5ED8770D6568C61 /* Pods-ReactComponentKitApp.release.xcconfig */ = {isa = PBXFileReference; includeInIndex = 1; lastKnownFileType = text.xcconfig; name = "Pods-ReactComponentKitApp.release.xcconfig"; path = "Pods/Target Support Files/Pods-ReactComponentKitApp/Pods-ReactComponentKitApp.release.xcconfig"; sourceTree = "<group>"; };
/* End PBXFileReference section */

/* Begin PBXFrameworksBuildPhase section */
		4E3E019921056B9700DDB93C /* Frameworks */ = {
			isa = PBXFrameworksBuildPhase;
			buildActionMask = 2147483647;
			files = (
				84E2BBF849FCA5DB1E4F8235 /* Pods_ReactComponentKitApp.framework in Frameworks */,
			);
			runOnlyForDeploymentPostprocessing = 0;
		};
		4E3E01AD21056B9800DDB93C /* Frameworks */ = {
			isa = PBXFrameworksBuildPhase;
			buildActionMask = 2147483647;
			files = (
				79B9653E4885DCD51731F478 /* Pods_ReactComponentKitAppTests.framework in Frameworks */,
			);
			runOnlyForDeploymentPostprocessing = 0;
		};
/* End PBXFrameworksBuildPhase section */

/* Begin PBXGroup section */
		4E019D31210E16A100ABD37A /* ReactComponentKit */ = {
			isa = PBXGroup;
			children = (
				4ECD183A2209CD4C005FA347 /* ActionDispatcher */,
				4E5CFC09212BFD1F002261F6 /* DeepDiff */,
				4E4AD70521109C2400973D60 /* View */,
				4E4AD6F521108F9300973D60 /* ViewController */,
				4E0A6F15212698A100A3E0E6 /* CollectionModels */,
				4E019D32210E16A100ABD37A /* TableView */,
				4E019D37210E16A100ABD37A /* CollectionView */,
				4E58F2612111F35F005373EF /* RootViewModelType.swift */,
				4E4AD6F321108F7500973D60 /* ReactComponent.swift */,
			);
			path = ReactComponentKit;
			sourceTree = "<group>";
		};
		4E019D32210E16A100ABD37A /* TableView */ = {
			isa = PBXGroup;
			children = (
				4E019D36210E16A100ABD37A /* TableViewComponentCell.swift */,
				4E0A6F13212697AD00A3E0E6 /* UITableViewAdapter.swift */,
				4E4FEC2921206FF20077924F /* UITableViewComponent.swift */,
			);
			path = TableView;
			sourceTree = "<group>";
		};
		4E019D37210E16A100ABD37A /* CollectionView */ = {
			isa = PBXGroup;
			children = (
				4E019D34210E16A100ABD37A /* CollectionViewComponentCell.swift */,
				4E019D35210E16A100ABD37A /* CollectionReusableComponentView.swift */,
				4E4FEC2B212071A30077924F /* UICollectionViewComponent.swift */,
				4E43A3AC212843B000897A14 /* UICollectionViewAdapter.swift */,
			);
			path = CollectionView;
			sourceTree = "<group>";
		};
		4E0A6F15212698A100A3E0E6 /* CollectionModels */ = {
			isa = PBXGroup;
			children = (
				4E0A6F16212698B500A3E0E6 /* SectionModel.swift */,
				4E0A6F18212698F600A3E0E6 /* ItemModel.swift */,
				4E0A6F1E2126C97E00A3E0E6 /* UIViewComponentClassProvider.swift */,
			);
			path = CollectionModels;
			sourceTree = "<group>";
		};
		4E0A6F232126E29100A3E0E6 /* Models */ = {
			isa = PBXGroup;
			children = (
				4E0A6F242126E2A300A3E0E6 /* TodoItem.swift */,
				4E0A6F292127015200A3E0E6 /* TodoSectionHeaderModel.swift */,
				4E0A6F2B2127087B00A3E0E6 /* TodoSectionFooterModel.swift */,
			);
			path = Models;
			sourceTree = "<group>";
		};
		4E0A6F26212700CC00A3E0E6 /* Components */ = {
			isa = PBXGroup;
			children = (
				4E0A6F27212700F700A3E0E6 /* SectionHeaderComponent.swift */,
			);
			path = Components;
			sourceTree = "<group>";
		};
		4E17CBC921299B3700F0B2A3 /* CollectionScene */ = {
			isa = PBXGroup;
			children = (
				4E17CBCA21299B5200F0B2A3 /* CollectionViewController.swift */,
				4E17CBCC21299B6D00F0B2A3 /* CollectionViewModel.swift */,
			);
			path = CollectionScene;
			sourceTree = "<group>";
		};
		4E3E019321056B9700DDB93C = {
			isa = PBXGroup;
			children = (
				4E019D31210E16A100ABD37A /* ReactComponentKit */,
				4E3E019E21056B9700DDB93C /* ReactComponentKitApp */,
				4E3E01B321056B9800DDB93C /* ReactComponentKitAppTests */,
				4E3E019D21056B9700DDB93C /* Products */,
				4FE55BCC412CB31C704CEAC5 /* Pods */,
				5E8D39EBEAE7585DDF3EDB00 /* Frameworks */,
			);
			sourceTree = "<group>";
		};
		4E3E019D21056B9700DDB93C /* Products */ = {
			isa = PBXGroup;
			children = (
				4E3E019C21056B9700DDB93C /* ReactComponentKitApp.app */,
				4E3E01B021056B9800DDB93C /* ReactComponentKitAppTests.xctest */,
			);
			name = Products;
			sourceTree = "<group>";
		};
		4E3E019E21056B9700DDB93C /* ReactComponentKitApp */ = {
			isa = PBXGroup;
			children = (
				4E17CBC921299B3700F0B2A3 /* CollectionScene */,
				4E8A6948212661760074EBBA /* TableScene */,
				4E4AD6FB2110974F00973D60 /* StackScene */,
				4E4AD6F8211093F100973D60 /* CounterScene */,
				4EE973EC21F372BF001039B7 /* StoryboardScene */,
				4E3E019F21056B9700DDB93C /* AppDelegate.swift */,
				4E3E01A321056B9700DDB93C /* Main.storyboard */,
				4E3E01A621056B9700DDB93C /* Assets.xcassets */,
				4E3E01A821056B9700DDB93C /* LaunchScreen.storyboard */,
				4E3E01AB21056B9800DDB93C /* Info.plist */,
			);
			path = ReactComponentKitApp;
			sourceTree = "<group>";
		};
		4E3E01B321056B9800DDB93C /* ReactComponentKitAppTests */ = {
			isa = PBXGroup;
			children = (
				4E3E01B421056B9800DDB93C /* ReactComponentKitAppTests.swift */,
				4E3E01B621056B9800DDB93C /* Info.plist */,
			);
			path = ReactComponentKitAppTests;
			sourceTree = "<group>";
		};
		4E3E05B821134E3B00D6DBB5 /* Components */ = {
			isa = PBXGroup;
			children = (
				4E3E05B921134E5400D6DBB5 /* MessageViewComponent.swift */,
				4E44CDE32115E97B00AB4FCF /* ButtonComponent.swift */,
			);
			path = Components;
			sourceTree = "<group>";
		};
		4E3E05BB2113503500D6DBB5 /* Reducers */ = {
			isa = PBXGroup;
			children = (
				4E3E05BC2113504800D6DBB5 /* TextReducer.swift */,
			);
			path = Reducers;
			sourceTree = "<group>";
		};
		4E3E05BE2113515E00D6DBB5 /* Actions */ = {
			isa = PBXGroup;
			children = (
				4E3E05BF2113517100D6DBB5 /* TextAction.swift */,
			);
			path = Actions;
			sourceTree = "<group>";
		};
		4E4AD6F521108F9300973D60 /* ViewController */ = {
			isa = PBXGroup;
			children = (
				4E4AD6F9211095F600973D60 /* UIViewController+Component.swift */,
				4E44CDE12115E72A00AB4FCF /* UIViewControllerComponent.swift */,
			);
			path = ViewController;
			sourceTree = "<group>";
		};
		4E4AD6F8211093F100973D60 /* CounterScene */ = {
			isa = PBXGroup;
			children = (
				4EB0A26B21F0D97800A1BBA5 /* Components */,
				4E568BD7210616F000652321 /* Reducers */,
				4E568BD8210616FB00652321 /* Actions */,
				4E3E01A121056B9700DDB93C /* ViewController.swift */,
				4E568BD52106168100652321 /* ViewModel.swift */,
			);
			path = CounterScene;
			sourceTree = "<group>";
		};
		4E4AD6FB2110974F00973D60 /* StackScene */ = {
			isa = PBXGroup;
			children = (
				4E3E05BE2113515E00D6DBB5 /* Actions */,
				4E3E05BB2113503500D6DBB5 /* Reducers */,
				4E3E05B821134E3B00D6DBB5 /* Components */,
				4E4AD6FE211097D700973D60 /* ChildViewController */,
				4E4AD6FC2110977100973D60 /* StackViewController.swift */,
				4E58F25F2111F232005373EF /* StackViewModel.swift */,
			);
			path = StackScene;
			sourceTree = "<group>";
		};
		4E4AD6FE211097D700973D60 /* ChildViewController */ = {
			isa = PBXGroup;
			children = (
				4E4AD6FF211097FD00973D60 /* RedViewComponent.swift */,
			);
			path = ChildViewController;
			sourceTree = "<group>";
		};
		4E4AD70521109C2400973D60 /* View */ = {
			isa = PBXGroup;
			children = (
				4E44CDDF2115E67300AB4FCF /* UIViewComponent.swift */,
			);
			path = View;
			sourceTree = "<group>";
		};
		4E568BD7210616F000652321 /* Reducers */ = {
			isa = PBXGroup;
			children = (
				4E464A312108C1C600D0C4DE /* ConsoleLog.swift */,
				4E464A382108CF3700D0C4DE /* PrintCachedValue.swift */,
				4E568BDE2106175100652321 /* CountReducer.swift */,
				4EBD8A8B210C7178009CD480 /* ColorReducer.swift */,
				4E464A362108CEB400D0C4DE /* CacheCountValue.swift */,
			);
			path = Reducers;
			sourceTree = "<group>";
		};
		4E568BD8210616FB00652321 /* Actions */ = {
			isa = PBXGroup;
			children = (
				4E568BD92106170600652321 /* IncreaseAction.swift */,
				4E568BDC2106173200652321 /* DecreaseAction.swift */,
				4EBD8A89210C70C3009CD480 /* RandomColorAction.swift */,
			);
			path = Actions;
			sourceTree = "<group>";
		};
		4E5CFC09212BFD1F002261F6 /* DeepDiff */ = {
			isa = PBXGroup;
			children = (
				4E5CFC0A212BFD35002261F6 /* iOS */,
				4E5CFC0E212BFD35002261F6 /* Shared */,
			);
			path = DeepDiff;
			sourceTree = "<group>";
		};
		4E5CFC0A212BFD35002261F6 /* iOS */ = {
			isa = PBXGroup;
			children = (
				4E5CFC0B212BFD35002261F6 /* IndexPathConverter.swift */,
				4E5CFC0C212BFD35002261F6 /* UITableView+Extensions.swift */,
				4E5CFC0D212BFD35002261F6 /* UICollectionView+Extensions.swift */,
			);
			path = iOS;
			sourceTree = "<group>";
		};
		4E5CFC0E212BFD35002261F6 /* Shared */ = {
			isa = PBXGroup;
			children = (
				4E5CFC11212BFD35002261F6 /* Algorithms */,
				4E5CFC0F212BFD35002261F6 /* Array+Extensions.swift */,
				4E5CFC10212BFD35002261F6 /* DeepDiff.swift */,
				4EF6E2C0222976BF00977430 /* DiffAware.swift */,
				4E5CFC15212BFD35002261F6 /* MoveReducer.swift */,
				4E5CFC16212BFD35002261F6 /* Change.swift */,
			);
			path = Shared;
			sourceTree = "<group>";
		};
		4E5CFC11212BFD35002261F6 /* Algorithms */ = {
			isa = PBXGroup;
			children = (
				4E5CFC12212BFD35002261F6 /* WagnerFischer.swift */,
				4E5CFC14212BFD35002261F6 /* Heckel.swift */,
			);
			path = Algorithms;
			sourceTree = "<group>";
		};
		4E8A6948212661760074EBBA /* TableScene */ = {
			isa = PBXGroup;
			children = (
				4E0A6F26212700CC00A3E0E6 /* Components */,
				4E0A6F232126E29100A3E0E6 /* Models */,
				4E8A694E212663FF0074EBBA /* Reducers */,
				4E8A694D212663F50074EBBA /* Actions */,
				4E8A6949212661AC0074EBBA /* TableViewController.swift */,
				4E8A694B212661FE0074EBBA /* TableViewModel.swift */,
			);
			path = TableScene;
			sourceTree = "<group>";
		};
		4E8A694D212663F50074EBBA /* Actions */ = {
			isa = PBXGroup;
			children = (
				4E8A69512126659A0074EBBA /* AddTodoAction.swift */,
			);
			path = Actions;
			sourceTree = "<group>";
		};
		4E8A694E212663FF0074EBBA /* Reducers */ = {
			isa = PBXGroup;
			children = (
				4E8A694F212665820074EBBA /* TodoReducer.swift */,
				4E0A6F212126E01800A3E0E6 /* MakeTodoSectionModels.swift */,
			);
			path = Reducers;
			sourceTree = "<group>";
		};
		4EB0A26B21F0D97800A1BBA5 /* Components */ = {
			isa = PBXGroup;
			children = (
				4EB0A26C21F0D99900A1BBA5 /* ColorNibComponent.swift */,
				4EB0A26E21F0D9BA00A1BBA5 /* ColorNibComponent.xib */,
			);
			path = Components;
			sourceTree = "<group>";
		};
		4ECD183A2209CD4C005FA347 /* ActionDispatcher */ = {
			isa = PBXGroup;
			children = (
				4ECD183B2209CD60005FA347 /* ActionDispatcher.swift */,
			);
			path = ActionDispatcher;
			sourceTree = "<group>";
		};
		4EE973EC21F372BF001039B7 /* StoryboardScene */ = {
			isa = PBXGroup;
			children = (
				4EE973ED21F372D8001039B7 /* Components */,
				4EE973F021F37423001039B7 /* StoryBoardViewController.swift */,
				4EE973F221F37441001039B7 /* StoryBoardViewModel.swift */,
			);
			path = StoryboardScene;
			sourceTree = "<group>";
		};
		4EE973ED21F372D8001039B7 /* Components */ = {
			isa = PBXGroup;
			children = (
				4EE973EE21F372E7001039B7 /* LoadingComponent.swift */,
			);
			path = Components;
			sourceTree = "<group>";
		};
		4FE55BCC412CB31C704CEAC5 /* Pods */ = {
			isa = PBXGroup;
			children = (
				7F1D52EECDA19B350342BA65 /* Pods-ReactComponentKitApp.debug.xcconfig */,
				FE9E66A8A5ED8770D6568C61 /* Pods-ReactComponentKitApp.release.xcconfig */,
				C5A8C667EC2A9DB5C21A82B9 /* Pods-ReactComponentKitAppTests.debug.xcconfig */,
				9C0DDB80135374A100D59E7E /* Pods-ReactComponentKitAppTests.release.xcconfig */,
			);
			name = Pods;
			sourceTree = "<group>";
		};
		5E8D39EBEAE7585DDF3EDB00 /* Frameworks */ = {
			isa = PBXGroup;
			children = (
				59031C46F7FC4D5FF2C2ACC0 /* Pods_ReactComponentKitApp.framework */,
				B00C93DC7C8FF383E142E029 /* Pods_ReactComponentKitAppTests.framework */,
			);
			name = Frameworks;
			sourceTree = "<group>";
		};
/* End PBXGroup section */

/* Begin PBXNativeTarget section */
		4E3E019B21056B9700DDB93C /* ReactComponentKitApp */ = {
			isa = PBXNativeTarget;
			buildConfigurationList = 4E3E01B921056B9800DDB93C /* Build configuration list for PBXNativeTarget "ReactComponentKitApp" */;
			buildPhases = (
				D76A0224D20EB10FD52DB3AC /* [CP] Check Pods Manifest.lock */,
				4E3E019821056B9700DDB93C /* Sources */,
				4E3E019921056B9700DDB93C /* Frameworks */,
				4E3E019A21056B9700DDB93C /* Resources */,
				E0195A15F5B2962072E78ABA /* [CP] Embed Pods Frameworks */,
			);
			buildRules = (
			);
			dependencies = (
			);
			name = ReactComponentKitApp;
			productName = ReactComponentKitApp;
			productReference = 4E3E019C21056B9700DDB93C /* ReactComponentKitApp.app */;
			productType = "com.apple.product-type.application";
		};
		4E3E01AF21056B9800DDB93C /* ReactComponentKitAppTests */ = {
			isa = PBXNativeTarget;
			buildConfigurationList = 4E3E01BC21056B9800DDB93C /* Build configuration list for PBXNativeTarget "ReactComponentKitAppTests" */;
			buildPhases = (
				61C216E72527D8E1E02065C0 /* [CP] Check Pods Manifest.lock */,
				4E3E01AC21056B9800DDB93C /* Sources */,
				4E3E01AD21056B9800DDB93C /* Frameworks */,
				4E3E01AE21056B9800DDB93C /* Resources */,
			);
			buildRules = (
			);
			dependencies = (
				4E3E01B221056B9800DDB93C /* PBXTargetDependency */,
			);
			name = ReactComponentKitAppTests;
			productName = ReactComponentKitAppTests;
			productReference = 4E3E01B021056B9800DDB93C /* ReactComponentKitAppTests.xctest */;
			productType = "com.apple.product-type.bundle.unit-test";
		};
/* End PBXNativeTarget section */

/* Begin PBXProject section */
		4E3E019421056B9700DDB93C /* Project object */ = {
			isa = PBXProject;
			attributes = {
				LastSwiftUpdateCheck = 0940;
				LastUpgradeCheck = 0940;
				ORGANIZATIONNAME = Burt.K;
				TargetAttributes = {
					4E3E019B21056B9700DDB93C = {
						CreatedOnToolsVersion = 9.4.1;
					};
					4E3E01AF21056B9800DDB93C = {
						CreatedOnToolsVersion = 9.4.1;
						TestTargetID = 4E3E019B21056B9700DDB93C;
					};
				};
			};
			buildConfigurationList = 4E3E019721056B9700DDB93C /* Build configuration list for PBXProject "ReactComponentKitApp" */;
			compatibilityVersion = "Xcode 9.3";
			developmentRegion = en;
			hasScannedForEncodings = 0;
			knownRegions = (
				en,
				Base,
			);
			mainGroup = 4E3E019321056B9700DDB93C;
			productRefGroup = 4E3E019D21056B9700DDB93C /* Products */;
			projectDirPath = "";
			projectRoot = "";
			targets = (
				4E3E019B21056B9700DDB93C /* ReactComponentKitApp */,
				4E3E01AF21056B9800DDB93C /* ReactComponentKitAppTests */,
			);
		};
/* End PBXProject section */

/* Begin PBXResourcesBuildPhase section */
		4E3E019A21056B9700DDB93C /* Resources */ = {
			isa = PBXResourcesBuildPhase;
			buildActionMask = 2147483647;
			files = (
				4E3E01AA21056B9700DDB93C /* LaunchScreen.storyboard in Resources */,
				4EB0A26F21F0D9BA00A1BBA5 /* ColorNibComponent.xib in Resources */,
				4E3E01A721056B9700DDB93C /* Assets.xcassets in Resources */,
				4E3E01A521056B9700DDB93C /* Main.storyboard in Resources */,
			);
			runOnlyForDeploymentPostprocessing = 0;
		};
		4E3E01AE21056B9800DDB93C /* Resources */ = {
			isa = PBXResourcesBuildPhase;
			buildActionMask = 2147483647;
			files = (
			);
			runOnlyForDeploymentPostprocessing = 0;
		};
/* End PBXResourcesBuildPhase section */

/* Begin PBXShellScriptBuildPhase section */
		61C216E72527D8E1E02065C0 /* [CP] Check Pods Manifest.lock */ = {
			isa = PBXShellScriptBuildPhase;
			buildActionMask = 2147483647;
			files = (
			);
			inputPaths = (
				"${PODS_PODFILE_DIR_PATH}/Podfile.lock",
				"${PODS_ROOT}/Manifest.lock",
			);
			name = "[CP] Check Pods Manifest.lock";
			outputPaths = (
				"$(DERIVED_FILE_DIR)/Pods-ReactComponentKitAppTests-checkManifestLockResult.txt",
			);
			runOnlyForDeploymentPostprocessing = 0;
			shellPath = /bin/sh;
			shellScript = "diff \"${PODS_PODFILE_DIR_PATH}/Podfile.lock\" \"${PODS_ROOT}/Manifest.lock\" > /dev/null\nif [ $? != 0 ] ; then\n    # print error to STDERR\n    echo \"error: The sandbox is not in sync with the Podfile.lock. Run 'pod install' or update your CocoaPods installation.\" >&2\n    exit 1\nfi\n# This output is used by Xcode 'outputs' to avoid re-running this script phase.\necho \"SUCCESS\" > \"${SCRIPT_OUTPUT_FILE_0}\"\n";
			showEnvVarsInLog = 0;
		};
		D76A0224D20EB10FD52DB3AC /* [CP] Check Pods Manifest.lock */ = {
			isa = PBXShellScriptBuildPhase;
			buildActionMask = 2147483647;
			files = (
			);
			inputPaths = (
				"${PODS_PODFILE_DIR_PATH}/Podfile.lock",
				"${PODS_ROOT}/Manifest.lock",
			);
			name = "[CP] Check Pods Manifest.lock";
			outputPaths = (
				"$(DERIVED_FILE_DIR)/Pods-ReactComponentKitApp-checkManifestLockResult.txt",
			);
			runOnlyForDeploymentPostprocessing = 0;
			shellPath = /bin/sh;
			shellScript = "diff \"${PODS_PODFILE_DIR_PATH}/Podfile.lock\" \"${PODS_ROOT}/Manifest.lock\" > /dev/null\nif [ $? != 0 ] ; then\n    # print error to STDERR\n    echo \"error: The sandbox is not in sync with the Podfile.lock. Run 'pod install' or update your CocoaPods installation.\" >&2\n    exit 1\nfi\n# This output is used by Xcode 'outputs' to avoid re-running this script phase.\necho \"SUCCESS\" > \"${SCRIPT_OUTPUT_FILE_0}\"\n";
			showEnvVarsInLog = 0;
		};
		E0195A15F5B2962072E78ABA /* [CP] Embed Pods Frameworks */ = {
			isa = PBXShellScriptBuildPhase;
			buildActionMask = 2147483647;
			files = (
			);
			inputFileListPaths = (
				"${PODS_ROOT}/Target Support Files/Pods-ReactComponentKitApp/Pods-ReactComponentKitApp-frameworks-${CONFIGURATION}-input-files.xcfilelist",
			);
			name = "[CP] Embed Pods Frameworks";
			outputFileListPaths = (
				"${PODS_ROOT}/Target Support Files/Pods-ReactComponentKitApp/Pods-ReactComponentKitApp-frameworks-${CONFIGURATION}-output-files.xcfilelist",
			);
			runOnlyForDeploymentPostprocessing = 0;
			shellPath = /bin/sh;
			shellScript = "\"${PODS_ROOT}/Target Support Files/Pods-ReactComponentKitApp/Pods-ReactComponentKitApp-frameworks.sh\"\n";
			showEnvVarsInLog = 0;
		};
/* End PBXShellScriptBuildPhase section */

/* Begin PBXSourcesBuildPhase section */
		4E3E019821056B9700DDB93C /* Sources */ = {
			isa = PBXSourcesBuildPhase;
			buildActionMask = 2147483647;
			files = (
				4E3E05C02113517100D6DBB5 /* TextAction.swift in Sources */,
				4E17CBCB21299B5200F0B2A3 /* CollectionViewController.swift in Sources */,
				4E4FEC2C212071A30077924F /* UICollectionViewComponent.swift in Sources */,
				4EE973F121F37423001039B7 /* StoryBoardViewController.swift in Sources */,
				4E5CFC17212BFD35002261F6 /* IndexPathConverter.swift in Sources */,
				4E3E05BA21134E5400D6DBB5 /* MessageViewComponent.swift in Sources */,
				4EB0A26D21F0D99900A1BBA5 /* ColorNibComponent.swift in Sources */,
				4E4AD700211097FD00973D60 /* RedViewComponent.swift in Sources */,
				4E44CDE22115E72A00AB4FCF /* UIViewControllerComponent.swift in Sources */,
				4E3E05BD2113504800D6DBB5 /* TextReducer.swift in Sources */,
				4E464A322108C1C600D0C4DE /* ConsoleLog.swift in Sources */,
				4E5CFC1C212BFD35002261F6 /* WagnerFischer.swift in Sources */,
				4E3E01A221056B9700DDB93C /* ViewController.swift in Sources */,
				4E464A392108CF3700D0C4DE /* PrintCachedValue.swift in Sources */,
				4EE973EF21F372E7001039B7 /* LoadingComponent.swift in Sources */,
				4E0A6F14212697AD00A3E0E6 /* UITableViewAdapter.swift in Sources */,
				4E17CBCD21299B6D00F0B2A3 /* CollectionViewModel.swift in Sources */,
				4ECD183C2209CD60005FA347 /* ActionDispatcher.swift in Sources */,
				4E568BDF2106175100652321 /* CountReducer.swift in Sources */,
				4E0A6F222126E01800A3E0E6 /* MakeTodoSectionModels.swift in Sources */,
				4E0A6F17212698B500A3E0E6 /* SectionModel.swift in Sources */,
				4E019D3B210E16A100ABD37A /* CollectionReusableComponentView.swift in Sources */,
				4E44CDE42115E97B00AB4FCF /* ButtonComponent.swift in Sources */,
				4E8A6950212665820074EBBA /* TodoReducer.swift in Sources */,
				4EBD8A8C210C7178009CD480 /* ColorReducer.swift in Sources */,
				4EE973F321F37441001039B7 /* StoryBoardViewModel.swift in Sources */,
				4E8A694A212661AC0074EBBA /* TableViewController.swift in Sources */,
				4E8A694C212661FE0074EBBA /* TableViewModel.swift in Sources */,
				4E8A69522126659A0074EBBA /* AddTodoAction.swift in Sources */,
				4E568BDD2106173200652321 /* DecreaseAction.swift in Sources */,
				4E0A6F2C2127087B00A3E0E6 /* TodoSectionFooterModel.swift in Sources */,
				4E3E01A021056B9700DDB93C /* AppDelegate.swift in Sources */,
				4E568BD62106168100652321 /* ViewModel.swift in Sources */,
				4E43A3AD212843B000897A14 /* UICollectionViewAdapter.swift in Sources */,
				4EBD8A8A210C70C3009CD480 /* RandomColorAction.swift in Sources */,
				4E5CFC1F212BFD35002261F6 /* MoveReducer.swift in Sources */,
				4E0A6F2A2127015200A3E0E6 /* TodoSectionHeaderModel.swift in Sources */,
				4EF6E2C1222976BF00977430 /* DiffAware.swift in Sources */,
				4E58F2602111F232005373EF /* StackViewModel.swift in Sources */,
				4E0A6F1F2126C97E00A3E0E6 /* UIViewComponentClassProvider.swift in Sources */,
				4E5CFC1E212BFD35002261F6 /* Heckel.swift in Sources */,
				4E5CFC1B212BFD35002261F6 /* DeepDiff.swift in Sources */,
				4E0A6F252126E2A300A3E0E6 /* TodoItem.swift in Sources */,
				4E5CFC1A212BFD35002261F6 /* Array+Extensions.swift in Sources */,
				4E5CFC19212BFD35002261F6 /* UICollectionView+Extensions.swift in Sources */,
				4E58F2622111F35F005373EF /* RootViewModelType.swift in Sources */,
				4E0A6F19212698F600A3E0E6 /* ItemModel.swift in Sources */,
				4E5CFC20212BFD35002261F6 /* Change.swift in Sources */,
				4E464A372108CEB400D0C4DE /* CacheCountValue.swift in Sources */,
				4E019D3A210E16A100ABD37A /* CollectionViewComponentCell.swift in Sources */,
				4E44CDE02115E67300AB4FCF /* UIViewComponent.swift in Sources */,
				4E4AD6F421108F7500973D60 /* ReactComponent.swift in Sources */,
				4E568BDA2106170600652321 /* IncreaseAction.swift in Sources */,
				4E019D3C210E16A100ABD37A /* TableViewComponentCell.swift in Sources */,
				4E5CFC18212BFD35002261F6 /* UITableView+Extensions.swift in Sources */,
				4E4FEC2A21206FF20077924F /* UITableViewComponent.swift in Sources */,
				4E0A6F28212700F700A3E0E6 /* SectionHeaderComponent.swift in Sources */,
				4E4AD6FA211095F600973D60 /* UIViewController+Component.swift in Sources */,
				4E4AD6FD2110977100973D60 /* StackViewController.swift in Sources */,
			);
			runOnlyForDeploymentPostprocessing = 0;
		};
		4E3E01AC21056B9800DDB93C /* Sources */ = {
			isa = PBXSourcesBuildPhase;
			buildActionMask = 2147483647;
			files = (
				4E3E01B521056B9800DDB93C /* ReactComponentKitAppTests.swift in Sources */,
			);
			runOnlyForDeploymentPostprocessing = 0;
		};
/* End PBXSourcesBuildPhase section */

/* Begin PBXTargetDependency section */
		4E3E01B221056B9800DDB93C /* PBXTargetDependency */ = {
			isa = PBXTargetDependency;
			target = 4E3E019B21056B9700DDB93C /* ReactComponentKitApp */;
			targetProxy = 4E3E01B121056B9800DDB93C /* PBXContainerItemProxy */;
		};
/* End PBXTargetDependency section */

/* Begin PBXVariantGroup section */
		4E3E01A321056B9700DDB93C /* Main.storyboard */ = {
			isa = PBXVariantGroup;
			children = (
				4E3E01A421056B9700DDB93C /* Base */,
			);
			name = Main.storyboard;
			sourceTree = "<group>";
		};
		4E3E01A821056B9700DDB93C /* LaunchScreen.storyboard */ = {
			isa = PBXVariantGroup;
			children = (
				4E3E01A921056B9700DDB93C /* Base */,
			);
			name = LaunchScreen.storyboard;
			sourceTree = "<group>";
		};
/* End PBXVariantGroup section */

/* Begin XCBuildConfiguration section */
		4E3E01B721056B9800DDB93C /* Debug */ = {
			isa = XCBuildConfiguration;
			buildSettings = {
				ALWAYS_SEARCH_USER_PATHS = NO;
				CLANG_ANALYZER_NONNULL = YES;
				CLANG_ANALYZER_NUMBER_OBJECT_CONVERSION = YES_AGGRESSIVE;
				CLANG_CXX_LANGUAGE_STANDARD = "gnu++14";
				CLANG_CXX_LIBRARY = "libc++";
				CLANG_ENABLE_MODULES = YES;
				CLANG_ENABLE_OBJC_ARC = YES;
				CLANG_ENABLE_OBJC_WEAK = YES;
				CLANG_WARN_BLOCK_CAPTURE_AUTORELEASING = YES;
				CLANG_WARN_BOOL_CONVERSION = YES;
				CLANG_WARN_COMMA = YES;
				CLANG_WARN_CONSTANT_CONVERSION = YES;
				CLANG_WARN_DEPRECATED_OBJC_IMPLEMENTATIONS = YES;
				CLANG_WARN_DIRECT_OBJC_ISA_USAGE = YES_ERROR;
				CLANG_WARN_DOCUMENTATION_COMMENTS = YES;
				CLANG_WARN_EMPTY_BODY = YES;
				CLANG_WARN_ENUM_CONVERSION = YES;
				CLANG_WARN_INFINITE_RECURSION = YES;
				CLANG_WARN_INT_CONVERSION = YES;
				CLANG_WARN_NON_LITERAL_NULL_CONVERSION = YES;
				CLANG_WARN_OBJC_IMPLICIT_RETAIN_SELF = YES;
				CLANG_WARN_OBJC_LITERAL_CONVERSION = YES;
				CLANG_WARN_OBJC_ROOT_CLASS = YES_ERROR;
				CLANG_WARN_RANGE_LOOP_ANALYSIS = YES;
				CLANG_WARN_STRICT_PROTOTYPES = YES;
				CLANG_WARN_SUSPICIOUS_MOVE = YES;
				CLANG_WARN_UNGUARDED_AVAILABILITY = YES_AGGRESSIVE;
				CLANG_WARN_UNREACHABLE_CODE = YES;
				CLANG_WARN__DUPLICATE_METHOD_MATCH = YES;
				CODE_SIGN_IDENTITY = "iPhone Developer";
				COPY_PHASE_STRIP = NO;
				DEBUG_INFORMATION_FORMAT = dwarf;
				ENABLE_STRICT_OBJC_MSGSEND = YES;
				ENABLE_TESTABILITY = YES;
				GCC_C_LANGUAGE_STANDARD = gnu11;
				GCC_DYNAMIC_NO_PIC = NO;
				GCC_NO_COMMON_BLOCKS = YES;
				GCC_OPTIMIZATION_LEVEL = 0;
				GCC_PREPROCESSOR_DEFINITIONS = (
					"DEBUG=1",
					"$(inherited)",
				);
				GCC_WARN_64_TO_32_BIT_CONVERSION = YES;
				GCC_WARN_ABOUT_RETURN_TYPE = YES_ERROR;
				GCC_WARN_UNDECLARED_SELECTOR = YES;
				GCC_WARN_UNINITIALIZED_AUTOS = YES_AGGRESSIVE;
				GCC_WARN_UNUSED_FUNCTION = YES;
				GCC_WARN_UNUSED_VARIABLE = YES;
				IPHONEOS_DEPLOYMENT_TARGET = 10.0;
				MTL_ENABLE_DEBUG_INFO = YES;
				ONLY_ACTIVE_ARCH = YES;
				SDKROOT = iphoneos;
				SWIFT_ACTIVE_COMPILATION_CONDITIONS = DEBUG;
				SWIFT_OPTIMIZATION_LEVEL = "-Onone";
				SWIFT_VERSION = 4.0;
			};
			name = Debug;
		};
		4E3E01B821056B9800DDB93C /* Release */ = {
			isa = XCBuildConfiguration;
			buildSettings = {
				ALWAYS_SEARCH_USER_PATHS = NO;
				CLANG_ANALYZER_NONNULL = YES;
				CLANG_ANALYZER_NUMBER_OBJECT_CONVERSION = YES_AGGRESSIVE;
				CLANG_CXX_LANGUAGE_STANDARD = "gnu++14";
				CLANG_CXX_LIBRARY = "libc++";
				CLANG_ENABLE_MODULES = YES;
				CLANG_ENABLE_OBJC_ARC = YES;
				CLANG_ENABLE_OBJC_WEAK = YES;
				CLANG_WARN_BLOCK_CAPTURE_AUTORELEASING = YES;
				CLANG_WARN_BOOL_CONVERSION = YES;
				CLANG_WARN_COMMA = YES;
				CLANG_WARN_CONSTANT_CONVERSION = YES;
				CLANG_WARN_DEPRECATED_OBJC_IMPLEMENTATIONS = YES;
				CLANG_WARN_DIRECT_OBJC_ISA_USAGE = YES_ERROR;
				CLANG_WARN_DOCUMENTATION_COMMENTS = YES;
				CLANG_WARN_EMPTY_BODY = YES;
				CLANG_WARN_ENUM_CONVERSION = YES;
				CLANG_WARN_INFINITE_RECURSION = YES;
				CLANG_WARN_INT_CONVERSION = YES;
				CLANG_WARN_NON_LITERAL_NULL_CONVERSION = YES;
				CLANG_WARN_OBJC_IMPLICIT_RETAIN_SELF = YES;
				CLANG_WARN_OBJC_LITERAL_CONVERSION = YES;
				CLANG_WARN_OBJC_ROOT_CLASS = YES_ERROR;
				CLANG_WARN_RANGE_LOOP_ANALYSIS = YES;
				CLANG_WARN_STRICT_PROTOTYPES = YES;
				CLANG_WARN_SUSPICIOUS_MOVE = YES;
				CLANG_WARN_UNGUARDED_AVAILABILITY = YES_AGGRESSIVE;
				CLANG_WARN_UNREACHABLE_CODE = YES;
				CLANG_WARN__DUPLICATE_METHOD_MATCH = YES;
				CODE_SIGN_IDENTITY = "iPhone Developer";
				COPY_PHASE_STRIP = NO;
				DEBUG_INFORMATION_FORMAT = "dwarf-with-dsym";
				ENABLE_NS_ASSERTIONS = NO;
				ENABLE_STRICT_OBJC_MSGSEND = YES;
				GCC_C_LANGUAGE_STANDARD = gnu11;
				GCC_NO_COMMON_BLOCKS = YES;
				GCC_WARN_64_TO_32_BIT_CONVERSION = YES;
				GCC_WARN_ABOUT_RETURN_TYPE = YES_ERROR;
				GCC_WARN_UNDECLARED_SELECTOR = YES;
				GCC_WARN_UNINITIALIZED_AUTOS = YES_AGGRESSIVE;
				GCC_WARN_UNUSED_FUNCTION = YES;
				GCC_WARN_UNUSED_VARIABLE = YES;
				IPHONEOS_DEPLOYMENT_TARGET = 10.0;
				MTL_ENABLE_DEBUG_INFO = NO;
				SDKROOT = iphoneos;
				SWIFT_COMPILATION_MODE = wholemodule;
				SWIFT_OPTIMIZATION_LEVEL = "-O";
				SWIFT_VERSION = 4.0;
				VALIDATE_PRODUCT = YES;
			};
			name = Release;
		};
		4E3E01BA21056B9800DDB93C /* Debug */ = {
			isa = XCBuildConfiguration;
			baseConfigurationReference = 7F1D52EECDA19B350342BA65 /* Pods-ReactComponentKitApp.debug.xcconfig */;
			buildSettings = {
				ASSETCATALOG_COMPILER_APPICON_NAME = AppIcon;
				CODE_SIGN_STYLE = Automatic;
				DEVELOPMENT_TEAM = F2YX27TG52;
				INFOPLIST_FILE = ReactComponentKitApp/Info.plist;
				IPHONEOS_DEPLOYMENT_TARGET = 10.0;
				LD_RUNPATH_SEARCH_PATHS = (
					"$(inherited)",
					"@executable_path/Frameworks",
				);
				PRODUCT_BUNDLE_IDENTIFIER = com.github.skyfe79.ReactComponentKitApp;
				PRODUCT_NAME = "$(TARGET_NAME)";
				SWIFT_VERSION = 4.2;
				TARGETED_DEVICE_FAMILY = "1,2";
			};
			name = Debug;
		};
		4E3E01BB21056B9800DDB93C /* Release */ = {
			isa = XCBuildConfiguration;
			baseConfigurationReference = FE9E66A8A5ED8770D6568C61 /* Pods-ReactComponentKitApp.release.xcconfig */;
			buildSettings = {
				ASSETCATALOG_COMPILER_APPICON_NAME = AppIcon;
				CODE_SIGN_STYLE = Automatic;
				DEVELOPMENT_TEAM = F2YX27TG52;
				INFOPLIST_FILE = ReactComponentKitApp/Info.plist;
				IPHONEOS_DEPLOYMENT_TARGET = 10.0;
				LD_RUNPATH_SEARCH_PATHS = (
					"$(inherited)",
					"@executable_path/Frameworks",
				);
				PRODUCT_BUNDLE_IDENTIFIER = com.github.skyfe79.ReactComponentKitApp;
				PRODUCT_NAME = "$(TARGET_NAME)";
				SWIFT_VERSION = 4.2;
				TARGETED_DEVICE_FAMILY = "1,2";
			};
			name = Release;
		};
		4E3E01BD21056B9800DDB93C /* Debug */ = {
			isa = XCBuildConfiguration;
			baseConfigurationReference = C5A8C667EC2A9DB5C21A82B9 /* Pods-ReactComponentKitAppTests.debug.xcconfig */;
			buildSettings = {
				ALWAYS_EMBED_SWIFT_STANDARD_LIBRARIES = YES;
				BUNDLE_LOADER = "$(TEST_HOST)";
				CODE_SIGN_STYLE = Automatic;
				DEVELOPMENT_TEAM = F2YX27TG52;
				INFOPLIST_FILE = ReactComponentKitAppTests/Info.plist;
				LD_RUNPATH_SEARCH_PATHS = (
					"$(inherited)",
					"@executable_path/Frameworks",
					"@loader_path/Frameworks",
				);
				PRODUCT_BUNDLE_IDENTIFIER = com.github.skyfe79.ReactComponentKitAppTests;
				PRODUCT_NAME = "$(TARGET_NAME)";
				SWIFT_VERSION = 4.2;
				TARGETED_DEVICE_FAMILY = "1,2";
				TEST_HOST = "$(BUILT_PRODUCTS_DIR)/ReactComponentKitApp.app/ReactComponentKitApp";
			};
			name = Debug;
		};
		4E3E01BE21056B9800DDB93C /* Release */ = {
			isa = XCBuildConfiguration;
			baseConfigurationReference = 9C0DDB80135374A100D59E7E /* Pods-ReactComponentKitAppTests.release.xcconfig */;
			buildSettings = {
				ALWAYS_EMBED_SWIFT_STANDARD_LIBRARIES = YES;
				BUNDLE_LOADER = "$(TEST_HOST)";
				CODE_SIGN_STYLE = Automatic;
				DEVELOPMENT_TEAM = F2YX27TG52;
				INFOPLIST_FILE = ReactComponentKitAppTests/Info.plist;
				LD_RUNPATH_SEARCH_PATHS = (
					"$(inherited)",
					"@executable_path/Frameworks",
					"@loader_path/Frameworks",
				);
				PRODUCT_BUNDLE_IDENTIFIER = com.github.skyfe79.ReactComponentKitAppTests;
				PRODUCT_NAME = "$(TARGET_NAME)";
				SWIFT_VERSION = 4.2;
				TARGETED_DEVICE_FAMILY = "1,2";
				TEST_HOST = "$(BUILT_PRODUCTS_DIR)/ReactComponentKitApp.app/ReactComponentKitApp";
			};
			name = Release;
		};
/* End XCBuildConfiguration section */

/* Begin XCConfigurationList section */
		4E3E019721056B9700DDB93C /* Build configuration list for PBXProject "ReactComponentKitApp" */ = {
			isa = XCConfigurationList;
			buildConfigurations = (
				4E3E01B721056B9800DDB93C /* Debug */,
				4E3E01B821056B9800DDB93C /* Release */,
			);
			defaultConfigurationIsVisible = 0;
			defaultConfigurationName = Release;
		};
		4E3E01B921056B9800DDB93C /* Build configuration list for PBXNativeTarget "ReactComponentKitApp" */ = {
			isa = XCConfigurationList;
			buildConfigurations = (
				4E3E01BA21056B9800DDB93C /* Debug */,
				4E3E01BB21056B9800DDB93C /* Release */,
			);
			defaultConfigurationIsVisible = 0;
			defaultConfigurationName = Release;
		};
		4E3E01BC21056B9800DDB93C /* Build configuration list for PBXNativeTarget "ReactComponentKitAppTests" */ = {
			isa = XCConfigurationList;
			buildConfigurations = (
				4E3E01BD21056B9800DDB93C /* Debug */,
				4E3E01BE21056B9800DDB93C /* Release */,
			);
			defaultConfigurationIsVisible = 0;
			defaultConfigurationName = Release;
		};
/* End XCConfigurationList section */
	};
	rootObject = 4E3E019421056B9700DDB93C /* Project object */;
}
