PODS:
  - BKEventBus (1.0.8)
  - BKRedux (1.2.0):
    - RxCocoa (>= 4.2.0)
    - RxSwift (>= 4.2.0)
  - RxAtomic (4.4.0)
  - RxCocoa (4.4.0):
    - RxSwift (~> 4.0)
  - RxSwift (4.4.0):
    - RxAtomic (~> 4.4)
  - SnapKit (4.2.0)

DEPENDENCIES:
  - BKEventBus
  - BKRedux
  - RxCocoa
  - RxSwift
  - SnapKit

SPEC REPOS:
  https://github.com/cocoapods/specs.git:
    - BKEventBus
    - BKRedux
    - RxAtomic
    - RxCocoa
    - RxSwift
    - SnapKit

SPEC CHECKSUMS:
  BKEventBus: b6ec629c0581c98a9c798f930aadd92b751a3f6b
  BKRedux: fa0030fb7f3add308ed43af6b6639fa318ba29d8
  RxAtomic: eacf60db868c96bfd63320e28619fe29c179656f
  RxCocoa: df63ebf7b9a70d6b4eeea407ed5dd4efc8979749
  RxSwift: 5976ecd04fc2fefd648827c23de5e11157faa973
  SnapKit: fe8a619752f3f27075cc9a90244d75c6c3f27e2a

PODFILE CHECKSUM: 85098da86cf942690ba8b1e94e4c13c63f2d16f5

COCOAPODS: 1.6.0.beta.1
